// !$*UTF8*$!
{
	archiveVersion = 1;
	classes = {
	};
	objectVersion = 50;
	objects = {

/* Begin PBXBuildFile section */
		0427A51C21A59DEC00E1B175 /* PersonalInformationVC.m in Sources */ = {isa = PBXBuildFile; fileRef = 0427A51B21A59DEC00E1B175 /* PersonalInformationVC.m */; };
		0427A51D21A5A3D000E1B175 /* SHBaseTableViewController.m in Sources */ = {isa = PBXBuildFile; fileRef = 04A2178E21A4401D00DC2D2B /* SHBaseTableViewController.m */; };
		0427A52021A6EAED00E1B175 /* LoginViewController.m in Sources */ = {isa = PBXBuildFile; fileRef = 0427A51F21A6EAED00E1B175 /* LoginViewController.m */; };
		0427A52721A81AC900E1B175 /* headline@2x.jpg in Resources */ = {isa = PBXBuildFile; fileRef = 0427A52621A81AC900E1B175 /* headline@2x.jpg */; };
		0427A52921A81DA500E1B175 /* AVFoundation.framework in Frameworks */ = {isa = PBXBuildFile; fileRef = 0427A52821A81DA500E1B175 /* AVFoundation.framework */; };
		0427A52E21A8233D00E1B175 /* CityCell.m in Sources */ = {isa = PBXBuildFile; fileRef = 0427A52D21A8233D00E1B175 /* CityCell.m */; };
		0427A53C21A83BF400E1B175 /* 详情2.jpg in Resources */ = {isa = PBXBuildFile; fileRef = 0427A52F21A83BF200E1B175 /* 详情2.jpg */; };
		0427A53D21A83BF400E1B175 /* 账号绑定.jpg in Resources */ = {isa = PBXBuildFile; fileRef = 0427A53021A83BF200E1B175 /* 账号绑定.jpg */; };
		0427A53E21A83BF400E1B175 /* 订单管理.jpg in Resources */ = {isa = PBXBuildFile; fileRef = 0427A53121A83BF300E1B175 /* 订单管理.jpg */; };
		0427A53F21A83BF400E1B175 /* 个人信息.jpg in Resources */ = {isa = PBXBuildFile; fileRef = 0427A53221A83BF300E1B175 /* 个人信息.jpg */; };
		0427A54021A83BF400E1B175 /* 详情.jpg in Resources */ = {isa = PBXBuildFile; fileRef = 0427A53321A83BF300E1B175 /* 详情.jpg */; };
		0427A54121A83BF400E1B175 /* 详情1.jpg in Resources */ = {isa = PBXBuildFile; fileRef = 0427A53421A83BF300E1B175 /* 详情1.jpg */; };
		0427A54221A83BF400E1B175 /* 离线包管理.jpg in Resources */ = {isa = PBXBuildFile; fileRef = 0427A53521A83BF300E1B175 /* 离线包管理.jpg */; };
		0427A54321A83BF400E1B175 /* 我的.jpg in Resources */ = {isa = PBXBuildFile; fileRef = 0427A53621A83BF300E1B175 /* 我的.jpg */; };
		0427A54421A83BF400E1B175 /* 详情5.jpg in Resources */ = {isa = PBXBuildFile; fileRef = 0427A53721A83BF300E1B175 /* 详情5.jpg */; };
		0427A54521A83BF400E1B175 /* 更换头像.jpg in Resources */ = {isa = PBXBuildFile; fileRef = 0427A53821A83BF300E1B175 /* 更换头像.jpg */; };
		0427A54621A83BF400E1B175 /* 关于景好.jpg in Resources */ = {isa = PBXBuildFile; fileRef = 0427A53921A83BF300E1B175 /* 关于景好.jpg */; };
		0427A54721A83BF400E1B175 /* 详情3.jpg in Resources */ = {isa = PBXBuildFile; fileRef = 0427A53A21A83BF300E1B175 /* 详情3.jpg */; };
		0427A54821A83BF400E1B175 /* 详情4.jpg in Resources */ = {isa = PBXBuildFile; fileRef = 0427A53B21A83BF400E1B175 /* 详情4.jpg */; };
		0427A54D21A8F1DA00E1B175 /* AccountManager.m in Sources */ = {isa = PBXBuildFile; fileRef = 0427A54C21A8F1DA00E1B175 /* AccountManager.m */; };
		0427A55021A8F4D000E1B175 /* ic_login_qq@2x.png in Resources */ = {isa = PBXBuildFile; fileRef = 0427A54E21A8F4D000E1B175 /* ic_login_qq@2x.png */; };
		0427A55121A8F4D000E1B175 /* ic_login_wechat@2x.png in Resources */ = {isa = PBXBuildFile; fileRef = 0427A54F21A8F4D000E1B175 /* ic_login_wechat@2x.png */; };
		0427A55821A938C200E1B175 /* JKCountDownButton.m in Sources */ = {isa = PBXBuildFile; fileRef = 0427A55721A938C200E1B175 /* JKCountDownButton.m */; };
		0427A55F21A9444500E1B175 /* JHUserModel.m in Sources */ = {isa = PBXBuildFile; fileRef = 0427A55D21A93FEE00E1B175 /* JHUserModel.m */; };
		0427A56321A955C000E1B175 /* me_green@2x.png in Resources */ = {isa = PBXBuildFile; fileRef = 0427A56121A955BF00E1B175 /* me_green@2x.png */; };
		0427A56421A955C000E1B175 /* me_black@2x.png in Resources */ = {isa = PBXBuildFile; fileRef = 0427A56221A955C000E1B175 /* me_black@2x.png */; };
		0427A56621A95BA800E1B175 /* scenic_me_avatar_no_login@2x.png in Resources */ = {isa = PBXBuildFile; fileRef = 0427A56521A95BA800E1B175 /* scenic_me_avatar_no_login@2x.png */; };
		0427A56C21A97AD600E1B175 /* guanyu@2x.png in Resources */ = {isa = PBXBuildFile; fileRef = 0427A56721A97AD600E1B175 /* guanyu@2x.png */; };
		0427A56D21A97AD600E1B175 /* kefu@2x.png in Resources */ = {isa = PBXBuildFile; fileRef = 0427A56821A97AD600E1B175 /* kefu@2x.png */; };
		0427A56E21A97AD600E1B175 /* kuoyinqidingdan@2x.png in Resources */ = {isa = PBXBuildFile; fileRef = 0427A56921A97AD600E1B175 /* kuoyinqidingdan@2x.png */; };
		0427A56F21A97AD600E1B175 /* wodedingdan@2x.png in Resources */ = {isa = PBXBuildFile; fileRef = 0427A56A21A97AD600E1B175 /* wodedingdan@2x.png */; };
		0427A57021A97AD600E1B175 /* lixianbaoguanli@2x.png in Resources */ = {isa = PBXBuildFile; fileRef = 0427A56B21A97AD600E1B175 /* lixianbaoguanli@2x.png */; };
		0427A57221A9875900E1B175 /* shouji@2x.png in Resources */ = {isa = PBXBuildFile; fileRef = 0427A57121A9875900E1B175 /* shouji@2x.png */; };
		0427A57521A987FC00E1B175 /* QQ@2x.png in Resources */ = {isa = PBXBuildFile; fileRef = 0427A57321A987FC00E1B175 /* QQ@2x.png */; };
		0427A57621A987FC00E1B175 /* weixin@2x.png in Resources */ = {isa = PBXBuildFile; fileRef = 0427A57421A987FC00E1B175 /* weixin@2x.png */; };
		0427A57821A9887100E1B175 /* touxiang@2x.png in Resources */ = {isa = PBXBuildFile; fileRef = 0427A57721A9887100E1B175 /* touxiang@2x.png */; };
		0427A57B21AA49C500E1B175 /* MyOrderCell.m in Sources */ = {isa = PBXBuildFile; fileRef = 0427A57A21AA49C500E1B175 /* MyOrderCell.m */; };
		0427A57E21AA5E9200E1B175 /* MyOrderVC.m in Sources */ = {isa = PBXBuildFile; fileRef = 0427A57C21AA5E9200E1B175 /* MyOrderVC.m */; };
		0427A58121AA779100E1B175 /* LoudspeakerOrderVC.m in Sources */ = {isa = PBXBuildFile; fileRef = 0427A58021AA779100E1B175 /* LoudspeakerOrderVC.m */; };
		0427A58421AA77C200E1B175 /* OfflinePackageVC.m in Sources */ = {isa = PBXBuildFile; fileRef = 0427A58321AA77C200E1B175 /* OfflinePackageVC.m */; };
		043B5C6521A5128400478CD8 /* SHImageAndTitleBtn.m in Sources */ = {isa = PBXBuildFile; fileRef = 043B5C6421A5128400478CD8 /* SHImageAndTitleBtn.m */; };
		04A2177021A43EA900DC2D2B /* AppDelegate.m in Sources */ = {isa = PBXBuildFile; fileRef = 04A2176F21A43EA900DC2D2B /* AppDelegate.m */; };
		04A2177621A43EA900DC2D2B /* Main.storyboard in Resources */ = {isa = PBXBuildFile; fileRef = 04A2177421A43EA900DC2D2B /* Main.storyboard */; };
		04A2177821A43EAA00DC2D2B /* Assets.xcassets in Resources */ = {isa = PBXBuildFile; fileRef = 04A2177721A43EAA00DC2D2B /* Assets.xcassets */; };
		04A2177B21A43EAA00DC2D2B /* LaunchScreen.storyboard in Resources */ = {isa = PBXBuildFile; fileRef = 04A2177921A43EAA00DC2D2B /* LaunchScreen.storyboard */; };
		04A2177E21A43EAA00DC2D2B /* main.m in Sources */ = {isa = PBXBuildFile; fileRef = 04A2177D21A43EAA00DC2D2B /* main.m */; };
		04A2178C21A43F6B00DC2D2B /* TabbarViewController.m in Sources */ = {isa = PBXBuildFile; fileRef = 04A2178B21A43F6B00DC2D2B /* TabbarViewController.m */; };
		04A2179B21A4401E00DC2D2B /* SHBaseViewController.m in Sources */ = {isa = PBXBuildFile; fileRef = 04A2179121A4401E00DC2D2B /* SHBaseViewController.m */; };
		04A2179C21A4401E00DC2D2B /* JHLiveAdaptUI.m in Sources */ = {isa = PBXBuildFile; fileRef = 04A2179321A4401E00DC2D2B /* JHLiveAdaptUI.m */; };
		04A2179E21A4401E00DC2D2B /* JHLiveBaseNavigationBar.m in Sources */ = {isa = PBXBuildFile; fileRef = 04A2179821A4401E00DC2D2B /* JHLiveBaseNavigationBar.m */; };
		04A217C321A4402600DC2D2B /* UMID.plist in Resources */ = {isa = PBXBuildFile; fileRef = 04A217A721A4402600DC2D2B /* UMID.plist */; };
		04A217C421A4402600DC2D2B /* BuglyID.plist in Resources */ = {isa = PBXBuildFile; fileRef = 04A217A921A4402600DC2D2B /* BuglyID.plist */; };
		04A217D121A4406B00DC2D2B /* MyViewController.m in Sources */ = {isa = PBXBuildFile; fileRef = 04A217D021A4406B00DC2D2B /* MyViewController.m */; };
		04A217D421A4408800DC2D2B /* HomeViewController.m in Sources */ = {isa = PBXBuildFile; fileRef = 04A217D321A4408800DC2D2B /* HomeViewController.m */; };
		04D256A921A5697200624688 /* MyEntryModel.m in Sources */ = {isa = PBXBuildFile; fileRef = 04D256A821A5697200624688 /* MyEntryModel.m */; };
		04D256B021A56D6C00624688 /* MyEntryCell.m in Sources */ = {isa = PBXBuildFile; fileRef = 04D256AF21A56D6C00624688 /* MyEntryCell.m */; };
		62267AD721A7ED6800110EAB /* SHSearchBar.m in Sources */ = {isa = PBXBuildFile; fileRef = 62267AD621A7ED6800110EAB /* SHSearchBar.m */; };
		62267ADD21A7EE1500110EAB /* search.tiff in Resources */ = {isa = PBXBuildFile; fileRef = 62267ADC21A7EE1500110EAB /* search.tiff */; };
		62267AE021A7F45400110EAB /* ScenicSpotCell.m in Sources */ = {isa = PBXBuildFile; fileRef = 62267ADF21A7F45400110EAB /* ScenicSpotCell.m */; };
		62267AE221A7FA8000110EAB /* ic_near_scenic_earphone@2x.png in Resources */ = {isa = PBXBuildFile; fileRef = 62267AE121A7FA7F00110EAB /* ic_near_scenic_earphone@2x.png */; };
		62267AE421A7FB9100110EAB /* uu@2x.png in Resources */ = {isa = PBXBuildFile; fileRef = 62267AE321A7FB9100110EAB /* uu@2x.png */; };
		62ED857F21A537F900245CA0 /* SHLabelAndLabelView.m in Sources */ = {isa = PBXBuildFile; fileRef = 62ED857D21A537F900245CA0 /* SHLabelAndLabelView.m */; };
		62ED859321A69A6400245CA0 /* AvatarCell.m in Sources */ = {isa = PBXBuildFile; fileRef = 62ED859221A69A6400245CA0 /* AvatarCell.m */; };
		62ED859821A6C76A00245CA0 /* AboutViewController.m in Sources */ = {isa = PBXBuildFile; fileRef = 62ED859721A6C76A00245CA0 /* AboutViewController.m */; };
		62ED859B21A6D88C00245CA0 /* AccountBindingVC.m in Sources */ = {isa = PBXBuildFile; fileRef = 62ED859A21A6D88C00245CA0 /* AccountBindingVC.m */; };
		62ED861421A790E200245CA0 /* logo40@3x.png in Resources */ = {isa = PBXBuildFile; fileRef = 62ED85A521A790D900245CA0 /* logo40@3x.png */; };
		62ED863421A790E200245CA0 /* logo60@2x.png in Resources */ = {isa = PBXBuildFile; fileRef = 62ED85C521A790DC00245CA0 /* logo60@2x.png */; };
		62ED863821A790E200245CA0 /* logo29@3x.png in Resources */ = {isa = PBXBuildFile; fileRef = 62ED85C921A790DD00245CA0 /* logo29@3x.png */; };
		62ED863921A790E200245CA0 /* logo60@3x.png in Resources */ = {isa = PBXBuildFile; fileRef = 62ED85CA21A790DD00245CA0 /* logo60@3x.png */; };
		62ED863C21A790E200245CA0 /* logo40@2x.png in Resources */ = {isa = PBXBuildFile; fileRef = 62ED85CD21A790DD00245CA0 /* logo40@2x.png */; };
		62ED864321A790E200245CA0 /* logo20@2x.png in Resources */ = {isa = PBXBuildFile; fileRef = 62ED85D421A790DE00245CA0 /* logo20@2x.png */; };
		62ED866321A790E200245CA0 /* 登录.jpg in Resources */ = {isa = PBXBuildFile; fileRef = 62ED85F521A790DF00245CA0 /* 登录.jpg */; };
		62ED866B21A790E200245CA0 /* logo29@2x.png in Resources */ = {isa = PBXBuildFile; fileRef = 62ED85FD21A790E000245CA0 /* logo29@2x.png */; };
		62ED866C21A790E200245CA0 /* logo30@3x.png in Resources */ = {isa = PBXBuildFile; fileRef = 62ED85FE21A790E000245CA0 /* logo30@3x.png */; };
		62ED867721A790E200245CA0 /* logo20@3x.png in Resources */ = {isa = PBXBuildFile; fileRef = 62ED860921A790E200245CA0 /* logo20@3x.png */; };
		62ED867F21A79A9C00245CA0 /* SelectCityViewController.m in Sources */ = {isa = PBXBuildFile; fileRef = 62ED867E21A79A9C00245CA0 /* SelectCityViewController.m */; };
		62ED868121A79C2D00245CA0 /* 选择城市.jpg in Resources */ = {isa = PBXBuildFile; fileRef = 62ED868021A79C2D00245CA0 /* 选择城市.jpg */; };
		62ED86A121A7A4CF00245CA0 /* NSString+NormalMethod.m in Sources */ = {isa = PBXBuildFile; fileRef = 62ED869F21A7A4CE00245CA0 /* NSString+NormalMethod.m */; };
		62ED86AA21A7C33200245CA0 /* UIImage+SHTool.m in Sources */ = {isa = PBXBuildFile; fileRef = 62ED86A921A7C33200245CA0 /* UIImage+SHTool.m */; };
		62ED86AD21A7C3D800245CA0 /* UIColor+SHTool.m in Sources */ = {isa = PBXBuildFile; fileRef = 62ED86AC21A7C3D800245CA0 /* UIColor+SHTool.m */; };
		62ED86B021A7C3E900245CA0 /* NSString+SHTool.m in Sources */ = {isa = PBXBuildFile; fileRef = 62ED86AF21A7C3E900245CA0 /* NSString+SHTool.m */; };
		62ED86B221A7C4F100245CA0 /* 首页.jpg in Resources */ = {isa = PBXBuildFile; fileRef = 62ED86B121A7C4F100245CA0 /* 首页.jpg */; };
		62ED86B421A7D75900245CA0 /* 首页2.jpg in Resources */ = {isa = PBXBuildFile; fileRef = 62ED86B321A7D75900245CA0 /* 首页2.jpg */; };
		62ED86BF21A7DB8400245CA0 /* jing_hao120.png in Resources */ = {isa = PBXBuildFile; fileRef = 62ED86B521A7DB8100245CA0 /* jing_hao120.png */; };
		62ED86C121A7DB8400245CA0 /* arrow_right_red.png in Resources */ = {isa = PBXBuildFile; fileRef = 62ED86B721A7DB8100245CA0 /* arrow_right_red.png */; };
		62ED86C421A7DB8400245CA0 /* bg_near_scenic_level_grey.9.png in Resources */ = {isa = PBXBuildFile; fileRef = 62ED86BA21A7DB8300245CA0 /* bg_near_scenic_level_grey.9.png */; };
		62ED86C521A7DB8400245CA0 /* ic_search_bar_search.png in Resources */ = {isa = PBXBuildFile; fileRef = 62ED86BB21A7DB8300245CA0 /* ic_search_bar_search.png */; };
		62ED86CD21A7DD8900245CA0 /* home_green@2x.png in Resources */ = {isa = PBXBuildFile; fileRef = 62ED86CB21A7DD8900245CA0 /* home_green@2x.png */; };
		62ED86CE21A7DD8900245CA0 /* home_black@2x.png in Resources */ = {isa = PBXBuildFile; fileRef = 62ED86CC21A7DD8900245CA0 /* home_black@2x.png */; };
		62ED86D021A7DDB600245CA0 /* ic_search_bar_arrow_down@2x.png in Resources */ = {isa = PBXBuildFile; fileRef = 62ED86CF21A7DDB600245CA0 /* ic_search_bar_arrow_down@2x.png */; };
		62ED86F421A7DFDC00245CA0 /* ic_titlebar_triangle.png in Resources */ = {isa = PBXBuildFile; fileRef = 62ED86D121A7DFD000245CA0 /* ic_titlebar_triangle.png */; };
		62ED86F521A7DFDC00245CA0 /* ssdk_oks_classic_qzone.png in Resources */ = {isa = PBXBuildFile; fileRef = 62ED86D221A7DFD000245CA0 /* ssdk_oks_classic_qzone.png */; };
		62ED86F621A7DFDC00245CA0 /* ic_request_loc.png in Resources */ = {isa = PBXBuildFile; fileRef = 62ED86D321A7DFD100245CA0 /* ic_request_loc.png */; };
		62ED86F721A7DFDC00245CA0 /* ic_route_list.png in Resources */ = {isa = PBXBuildFile; fileRef = 62ED86D421A7DFD100245CA0 /* ic_route_list.png */; };
		62ED86F821A7DFDC00245CA0 /* ic_scenic_offlinepack.png in Resources */ = {isa = PBXBuildFile; fileRef = 62ED86D521A7DFD100245CA0 /* ic_scenic_offlinepack.png */; };
		62ED86F921A7DFDC00245CA0 /* icon_phone_2.png in Resources */ = {isa = PBXBuildFile; fileRef = 62ED86D621A7DFD100245CA0 /* icon_phone_2.png */; };
		62ED86FA21A7DFDC00245CA0 /* ic_scenic_discrible.png in Resources */ = {isa = PBXBuildFile; fileRef = 62ED86D721A7DFD100245CA0 /* ic_scenic_discrible.png */; };
		62ED86FB21A7DFDC00245CA0 /* ic_titlebar_back.png in Resources */ = {isa = PBXBuildFile; fileRef = 62ED86D821A7DFD100245CA0 /* ic_titlebar_back.png */; };
		62ED86FC21A7DFDC00245CA0 /* ic_small_close.png in Resources */ = {isa = PBXBuildFile; fileRef = 62ED86D921A7DFD400245CA0 /* ic_small_close.png */; };
		62ED86FE21A7DFDC00245CA0 /* ic_map_overlay_earphone.png in Resources */ = {isa = PBXBuildFile; fileRef = 62ED86DB21A7DFD500245CA0 /* ic_map_overlay_earphone.png */; };
		62ED86FF21A7DFDC00245CA0 /* ic_titlbar_share.png in Resources */ = {isa = PBXBuildFile; fileRef = 62ED86DC21A7DFD500245CA0 /* ic_titlbar_share.png */; };
		62ED870121A7DFDC00245CA0 /* ic_price_tag.png in Resources */ = {isa = PBXBuildFile; fileRef = 62ED86DE21A7DFD500245CA0 /* ic_price_tag.png */; };
		62ED870221A7DFDC00245CA0 /* ssdk_oks_classic_qq.png in Resources */ = {isa = PBXBuildFile; fileRef = 62ED86DF21A7DFD600245CA0 /* ssdk_oks_classic_qq.png */; };
		62ED870321A7DFDC00245CA0 /* ssdk_oks_classic_wechatmoments.png in Resources */ = {isa = PBXBuildFile; fileRef = 62ED86E021A7DFD600245CA0 /* ssdk_oks_classic_wechatmoments.png */; };
		62ED870421A7DFDC00245CA0 /* ic_overlay_voice_indicator_two.png in Resources */ = {isa = PBXBuildFile; fileRef = 62ED86E121A7DFD600245CA0 /* ic_overlay_voice_indicator_two.png */; };
		62ED870521A7DFDC00245CA0 /* navi_map_gps_locked.png in Resources */ = {isa = PBXBuildFile; fileRef = 62ED86E221A7DFD600245CA0 /* navi_map_gps_locked.png */; };
		62ED870621A7DFDC00245CA0 /* bg_spot_overlay.9.png in Resources */ = {isa = PBXBuildFile; fileRef = 62ED86E321A7DFD700245CA0 /* bg_spot_overlay.9.png */; };
		62ED870721A7DFDC00245CA0 /* ic_subscenic_detail.png in Resources */ = {isa = PBXBuildFile; fileRef = 62ED86E421A7DFD700245CA0 /* ic_subscenic_detail.png */; };
		62ED870821A7DFDC00245CA0 /* ic_map_overlay_loading.png in Resources */ = {isa = PBXBuildFile; fileRef = 62ED86E521A7DFD700245CA0 /* ic_map_overlay_loading.png */; };
		62ED870921A7DFDC00245CA0 /* ic_overlay_voice_indicator_three.png in Resources */ = {isa = PBXBuildFile; fileRef = 62ED86E621A7DFD700245CA0 /* ic_overlay_voice_indicator_three.png */; };
		62ED870A21A7DFDC00245CA0 /* ic_subscenic_marker_line.png in Resources */ = {isa = PBXBuildFile; fileRef = 62ED86E721A7DFD800245CA0 /* ic_subscenic_marker_line.png */; };
		62ED870B21A7DFDC00245CA0 /* bg_capsule_hollow.9.png in Resources */ = {isa = PBXBuildFile; fileRef = 62ED86E821A7DFD800245CA0 /* bg_capsule_hollow.9.png */; };
		62ED870C21A7DFDC00245CA0 /* ic_map_marker_has_voice.png in Resources */ = {isa = PBXBuildFile; fileRef = 62ED86E921A7DFD800245CA0 /* ic_map_marker_has_voice.png */; };
		62ED870D21A7DFDC00245CA0 /* ic_overlay_voice_indicator_one.png in Resources */ = {isa = PBXBuildFile; fileRef = 62ED86EA21A7DFD900245CA0 /* ic_overlay_voice_indicator_one.png */; };
		62ED870E21A7DFDC00245CA0 /* ic_subscenic_search.png in Resources */ = {isa = PBXBuildFile; fileRef = 62ED86EB21A7DFD900245CA0 /* ic_subscenic_search.png */; };
		62ED870F21A7DFDC00245CA0 /* near_by.png in Resources */ = {isa = PBXBuildFile; fileRef = 62ED86EC21A7DFD900245CA0 /* near_by.png */; };
		62ED871021A7DFDC00245CA0 /* ssdk_oks_classic_wechat.png in Resources */ = {isa = PBXBuildFile; fileRef = 62ED86ED21A7DFD900245CA0 /* ssdk_oks_classic_wechat.png */; };
		62ED871121A7DFDC00245CA0 /* ic_map_marker_has_voice_gray.png in Resources */ = {isa = PBXBuildFile; fileRef = 62ED86EE21A7DFDA00245CA0 /* ic_map_marker_has_voice_gray.png */; };
		62ED871221A7DFDC00245CA0 /* ic_subscenic_list.png in Resources */ = {isa = PBXBuildFile; fileRef = 62ED86EF21A7DFDB00245CA0 /* ic_subscenic_list.png */; };
		62ED871321A7DFDC00245CA0 /* ic_overlay_voice_indicator_four.png in Resources */ = {isa = PBXBuildFile; fileRef = 62ED86F021A7DFDB00245CA0 /* ic_overlay_voice_indicator_four.png */; };
		62ED871421A7DFDC00245CA0 /* ic_map_overlay_pause.png in Resources */ = {isa = PBXBuildFile; fileRef = 62ED86F121A7DFDB00245CA0 /* ic_map_overlay_pause.png */; };
		62ED871521A7DFDC00245CA0 /* ic_map_marker_has_voice_dark.png in Resources */ = {isa = PBXBuildFile; fileRef = 62ED86F221A7DFDB00245CA0 /* ic_map_marker_has_voice_dark.png */; };
		62ED871621A7DFDC00245CA0 /* qr_code64.png in Resources */ = {isa = PBXBuildFile; fileRef = 62ED86F321A7DFDC00245CA0 /* qr_code64.png */; };
		62ED872221A7E1CD00245CA0 /* QRCodeAreaView.m in Sources */ = {isa = PBXBuildFile; fileRef = 62ED871D21A7E1CD00245CA0 /* QRCodeAreaView.m */; };
		62ED872321A7E1CD00245CA0 /* QRCodeBacgrouView.m in Sources */ = {isa = PBXBuildFile; fileRef = 62ED871F21A7E1CD00245CA0 /* QRCodeBacgrouView.m */; };
		62ED872421A7E1CD00245CA0 /* QRCodeVC.m in Sources */ = {isa = PBXBuildFile; fileRef = 62ED872121A7E1CD00245CA0 /* QRCodeVC.m */; };
		62ED873321A7E26E00245CA0 /* ic_arrow_brown.png in Resources */ = {isa = PBXBuildFile; fileRef = 62ED872521A7E26B00245CA0 /* ic_arrow_brown.png */; };
		62ED873421A7E26E00245CA0 /* frame_icon@2x.png in Resources */ = {isa = PBXBuildFile; fileRef = 62ED872621A7E26B00245CA0 /* frame_icon@2x.png */; };
		62ED873521A7E26E00245CA0 /* ic_main_me_myorder.png in Resources */ = {isa = PBXBuildFile; fileRef = 62ED872721A7E26B00245CA0 /* ic_main_me_myorder.png */; };
		62ED873621A7E26E00245CA0 /* ic_arrow_gray.png in Resources */ = {isa = PBXBuildFile; fileRef = 62ED872821A7E26B00245CA0 /* ic_arrow_gray.png */; };
		62ED873721A7E26E00245CA0 /* ic_arrow_yellow.png in Resources */ = {isa = PBXBuildFile; fileRef = 62ED872921A7E26C00245CA0 /* ic_arrow_yellow.png */; };
		62ED873821A7E26E00245CA0 /* setting.png in Resources */ = {isa = PBXBuildFile; fileRef = 62ED872A21A7E26C00245CA0 /* setting.png */; };
		62ED873921A7E26E00245CA0 /* ic_main_customer_service.png in Resources */ = {isa = PBXBuildFile; fileRef = 62ED872B21A7E26C00245CA0 /* ic_main_customer_service.png */; };
		62ED873A21A7E26E00245CA0 /* cross.tiff in Resources */ = {isa = PBXBuildFile; fileRef = 62ED872C21A7E26C00245CA0 /* cross.tiff */; };
		62ED873D21A7E26E00245CA0 /* line.png in Resources */ = {isa = PBXBuildFile; fileRef = 62ED872F21A7E26D00245CA0 /* line.png */; };
		62ED873E21A7E26E00245CA0 /* ic_main_me_offline_manage.png in Resources */ = {isa = PBXBuildFile; fileRef = 62ED873021A7E26D00245CA0 /* ic_main_me_offline_manage.png */; };
		62ED874021A7E26E00245CA0 /* frame_icon@3x.png in Resources */ = {isa = PBXBuildFile; fileRef = 62ED873221A7E26D00245CA0 /* frame_icon@3x.png */; };
		62ED874621A7E2FC00245CA0 /* UIViewExt.m in Sources */ = {isa = PBXBuildFile; fileRef = 62ED874521A7E2FC00245CA0 /* UIViewExt.m */; };
		62ED874A21A7E44B00245CA0 /* scaning@2x.png in Resources */ = {isa = PBXBuildFile; fileRef = 62ED874921A7E44A00245CA0 /* scaning@2x.png */; };
		877899E402EEC60C8CF5BFC1 /* libPods-GoodView.a in Frameworks */ = {isa = PBXBuildFile; fileRef = D87861D39641187F56817B4E /* libPods-GoodView.a */; };
/* End PBXBuildFile section */

/* Begin PBXFileReference section */
		0427A51A21A59DEC00E1B175 /* PersonalInformationVC.h */ = {isa = PBXFileReference; lastKnownFileType = sourcecode.c.h; path = PersonalInformationVC.h; sourceTree = "<group>"; };
		0427A51B21A59DEC00E1B175 /* PersonalInformationVC.m */ = {isa = PBXFileReference; lastKnownFileType = sourcecode.c.objc; path = PersonalInformationVC.m; sourceTree = "<group>"; };
		0427A51E21A6EAED00E1B175 /* LoginViewController.h */ = {isa = PBXFileReference; lastKnownFileType = sourcecode.c.h; path = LoginViewController.h; sourceTree = "<group>"; };
		0427A51F21A6EAED00E1B175 /* LoginViewController.m */ = {isa = PBXFileReference; lastKnownFileType = sourcecode.c.objc; path = LoginViewController.m; sourceTree = "<group>"; };
		0427A52621A81AC900E1B175 /* headline@2x.jpg */ = {isa = PBXFileReference; lastKnownFileType = image.jpeg; path = "headline@2x.jpg"; sourceTree = "<group>"; };
		0427A52821A81DA500E1B175 /* AVFoundation.framework */ = {isa = PBXFileReference; lastKnownFileType = wrapper.framework; name = AVFoundation.framework; path = System/Library/Frameworks/AVFoundation.framework; sourceTree = SDKROOT; };
		0427A52A21A81DCC00E1B175 /* MobileCoreServices.framework */ = {isa = PBXFileReference; lastKnownFileType = wrapper.framework; name = MobileCoreServices.framework; path = System/Library/Frameworks/MobileCoreServices.framework; sourceTree = SDKROOT; };
		0427A52C21A8233D00E1B175 /* CityCell.h */ = {isa = PBXFileReference; lastKnownFileType = sourcecode.c.h; path = CityCell.h; sourceTree = "<group>"; };
		0427A52D21A8233D00E1B175 /* CityCell.m */ = {isa = PBXFileReference; lastKnownFileType = sourcecode.c.objc; path = CityCell.m; sourceTree = "<group>"; };
		0427A52F21A83BF200E1B175 /* 详情2.jpg */ = {isa = PBXFileReference; lastKnownFileType = image.jpeg; path = "详情2.jpg"; sourceTree = "<group>"; };
		0427A53021A83BF200E1B175 /* 账号绑定.jpg */ = {isa = PBXFileReference; lastKnownFileType = image.jpeg; path = "账号绑定.jpg"; sourceTree = "<group>"; };
		0427A53121A83BF300E1B175 /* 订单管理.jpg */ = {isa = PBXFileReference; lastKnownFileType = image.jpeg; path = "订单管理.jpg"; sourceTree = "<group>"; };
		0427A53221A83BF300E1B175 /* 个人信息.jpg */ = {isa = PBXFileReference; lastKnownFileType = image.jpeg; path = "个人信息.jpg"; sourceTree = "<group>"; };
		0427A53321A83BF300E1B175 /* 详情.jpg */ = {isa = PBXFileReference; lastKnownFileType = image.jpeg; path = "详情.jpg"; sourceTree = "<group>"; };
		0427A53421A83BF300E1B175 /* 详情1.jpg */ = {isa = PBXFileReference; lastKnownFileType = image.jpeg; path = "详情1.jpg"; sourceTree = "<group>"; };
		0427A53521A83BF300E1B175 /* 离线包管理.jpg */ = {isa = PBXFileReference; lastKnownFileType = image.jpeg; path = "离线包管理.jpg"; sourceTree = "<group>"; };
		0427A53621A83BF300E1B175 /* 我的.jpg */ = {isa = PBXFileReference; lastKnownFileType = image.jpeg; path = "我的.jpg"; sourceTree = "<group>"; };
		0427A53721A83BF300E1B175 /* 详情5.jpg */ = {isa = PBXFileReference; lastKnownFileType = image.jpeg; path = "详情5.jpg"; sourceTree = "<group>"; };
		0427A53821A83BF300E1B175 /* 更换头像.jpg */ = {isa = PBXFileReference; lastKnownFileType = image.jpeg; path = "更换头像.jpg"; sourceTree = "<group>"; };
		0427A53921A83BF300E1B175 /* 关于景好.jpg */ = {isa = PBXFileReference; lastKnownFileType = image.jpeg; path = "关于景好.jpg"; sourceTree = "<group>"; };
		0427A53A21A83BF300E1B175 /* 详情3.jpg */ = {isa = PBXFileReference; lastKnownFileType = image.jpeg; path = "详情3.jpg"; sourceTree = "<group>"; };
		0427A53B21A83BF400E1B175 /* 详情4.jpg */ = {isa = PBXFileReference; lastKnownFileType = image.jpeg; path = "详情4.jpg"; sourceTree = "<group>"; };
		0427A54B21A8F1DA00E1B175 /* AccountManager.h */ = {isa = PBXFileReference; lastKnownFileType = sourcecode.c.h; path = AccountManager.h; sourceTree = "<group>"; };
		0427A54C21A8F1DA00E1B175 /* AccountManager.m */ = {isa = PBXFileReference; lastKnownFileType = sourcecode.c.objc; path = AccountManager.m; sourceTree = "<group>"; };
		0427A54E21A8F4D000E1B175 /* ic_login_qq@2x.png */ = {isa = PBXFileReference; lastKnownFileType = image.png; path = "ic_login_qq@2x.png"; sourceTree = "<group>"; };
		0427A54F21A8F4D000E1B175 /* ic_login_wechat@2x.png */ = {isa = PBXFileReference; lastKnownFileType = image.png; path = "ic_login_wechat@2x.png"; sourceTree = "<group>"; };
		0427A55321A9077000E1B175 /* URLHeader.h */ = {isa = PBXFileReference; lastKnownFileType = sourcecode.c.h; path = URLHeader.h; sourceTree = "<group>"; };
		0427A55621A938C200E1B175 /* JKCountDownButton.h */ = {isa = PBXFileReference; fileEncoding = 4; lastKnownFileType = sourcecode.c.h; path = JKCountDownButton.h; sourceTree = "<group>"; };
		0427A55721A938C200E1B175 /* JKCountDownButton.m */ = {isa = PBXFileReference; fileEncoding = 4; lastKnownFileType = sourcecode.c.objc; path = JKCountDownButton.m; sourceTree = "<group>"; };
		0427A55C21A93FEE00E1B175 /* JHUserModel.h */ = {isa = PBXFileReference; lastKnownFileType = sourcecode.c.h; path = JHUserModel.h; sourceTree = "<group>"; };
		0427A55D21A93FEE00E1B175 /* JHUserModel.m */ = {isa = PBXFileReference; lastKnownFileType = sourcecode.c.objc; path = JHUserModel.m; sourceTree = "<group>"; };
		0427A56121A955BF00E1B175 /* me_green@2x.png */ = {isa = PBXFileReference; lastKnownFileType = image.png; path = "me_green@2x.png"; sourceTree = "<group>"; };
		0427A56221A955C000E1B175 /* me_black@2x.png */ = {isa = PBXFileReference; lastKnownFileType = image.png; path = "me_black@2x.png"; sourceTree = "<group>"; };
		0427A56521A95BA800E1B175 /* scenic_me_avatar_no_login@2x.png */ = {isa = PBXFileReference; lastKnownFileType = image.png; path = "scenic_me_avatar_no_login@2x.png"; sourceTree = "<group>"; };
		0427A56721A97AD600E1B175 /* guanyu@2x.png */ = {isa = PBXFileReference; lastKnownFileType = image.png; path = "guanyu@2x.png"; sourceTree = "<group>"; };
		0427A56821A97AD600E1B175 /* kefu@2x.png */ = {isa = PBXFileReference; lastKnownFileType = image.png; path = "kefu@2x.png"; sourceTree = "<group>"; };
		0427A56921A97AD600E1B175 /* kuoyinqidingdan@2x.png */ = {isa = PBXFileReference; lastKnownFileType = image.png; path = "kuoyinqidingdan@2x.png"; sourceTree = "<group>"; };
		0427A56A21A97AD600E1B175 /* wodedingdan@2x.png */ = {isa = PBXFileReference; lastKnownFileType = image.png; path = "wodedingdan@2x.png"; sourceTree = "<group>"; };
		0427A56B21A97AD600E1B175 /* lixianbaoguanli@2x.png */ = {isa = PBXFileReference; lastKnownFileType = image.png; path = "lixianbaoguanli@2x.png"; sourceTree = "<group>"; };
		0427A57121A9875900E1B175 /* shouji@2x.png */ = {isa = PBXFileReference; lastKnownFileType = image.png; path = "shouji@2x.png"; sourceTree = "<group>"; };
		0427A57321A987FC00E1B175 /* QQ@2x.png */ = {isa = PBXFileReference; lastKnownFileType = image.png; path = "QQ@2x.png"; sourceTree = "<group>"; };
		0427A57421A987FC00E1B175 /* weixin@2x.png */ = {isa = PBXFileReference; lastKnownFileType = image.png; path = "weixin@2x.png"; sourceTree = "<group>"; };
		0427A57721A9887100E1B175 /* touxiang@2x.png */ = {isa = PBXFileReference; lastKnownFileType = image.png; path = "touxiang@2x.png"; sourceTree = "<group>"; };
		0427A57921AA49C500E1B175 /* MyOrderCell.h */ = {isa = PBXFileReference; lastKnownFileType = sourcecode.c.h; path = MyOrderCell.h; sourceTree = "<group>"; };
		0427A57A21AA49C500E1B175 /* MyOrderCell.m */ = {isa = PBXFileReference; lastKnownFileType = sourcecode.c.objc; path = MyOrderCell.m; sourceTree = "<group>"; };
		0427A57C21AA5E9200E1B175 /* MyOrderVC.m */ = {isa = PBXFileReference; fileEncoding = 4; lastKnownFileType = sourcecode.c.objc; path = MyOrderVC.m; sourceTree = "<group>"; };
		0427A57D21AA5E9200E1B175 /* MyOrderVC.h */ = {isa = PBXFileReference; fileEncoding = 4; lastKnownFileType = sourcecode.c.h; path = MyOrderVC.h; sourceTree = "<group>"; };
		0427A57F21AA779100E1B175 /* LoudspeakerOrderVC.h */ = {isa = PBXFileReference; lastKnownFileType = sourcecode.c.h; path = LoudspeakerOrderVC.h; sourceTree = "<group>"; };
		0427A58021AA779100E1B175 /* LoudspeakerOrderVC.m */ = {isa = PBXFileReference; lastKnownFileType = sourcecode.c.objc; path = LoudspeakerOrderVC.m; sourceTree = "<group>"; };
		0427A58221AA77C200E1B175 /* OfflinePackageVC.h */ = {isa = PBXFileReference; lastKnownFileType = sourcecode.c.h; path = OfflinePackageVC.h; sourceTree = "<group>"; };
		0427A58321AA77C200E1B175 /* OfflinePackageVC.m */ = {isa = PBXFileReference; lastKnownFileType = sourcecode.c.objc; path = OfflinePackageVC.m; sourceTree = "<group>"; };
		043B5C6321A5128300478CD8 /* SHImageAndTitleBtn.h */ = {isa = PBXFileReference; fileEncoding = 4; lastKnownFileType = sourcecode.c.h; path = SHImageAndTitleBtn.h; sourceTree = "<group>"; };
		043B5C6421A5128400478CD8 /* SHImageAndTitleBtn.m */ = {isa = PBXFileReference; fileEncoding = 4; lastKnownFileType = sourcecode.c.objc; path = SHImageAndTitleBtn.m; sourceTree = "<group>"; };
		04A2176B21A43EA900DC2D2B /* GoodView.app */ = {isa = PBXFileReference; explicitFileType = wrapper.application; includeInIndex = 0; path = GoodView.app; sourceTree = BUILT_PRODUCTS_DIR; };
		04A2176E21A43EA900DC2D2B /* AppDelegate.h */ = {isa = PBXFileReference; lastKnownFileType = sourcecode.c.h; path = AppDelegate.h; sourceTree = "<group>"; };
		04A2176F21A43EA900DC2D2B /* AppDelegate.m */ = {isa = PBXFileReference; lastKnownFileType = sourcecode.c.objc; path = AppDelegate.m; sourceTree = "<group>"; };
		04A2177521A43EA900DC2D2B /* Base */ = {isa = PBXFileReference; lastKnownFileType = file.storyboard; name = Base; path = Base.lproj/Main.storyboard; sourceTree = "<group>"; };
		04A2177721A43EAA00DC2D2B /* Assets.xcassets */ = {isa = PBXFileReference; lastKnownFileType = folder.assetcatalog; path = Assets.xcassets; sourceTree = "<group>"; };
		04A2177A21A43EAA00DC2D2B /* Base */ = {isa = PBXFileReference; lastKnownFileType = file.storyboard; name = Base; path = Base.lproj/LaunchScreen.storyboard; sourceTree = "<group>"; };
		04A2177C21A43EAA00DC2D2B /* Info.plist */ = {isa = PBXFileReference; lastKnownFileType = text.plist.xml; path = Info.plist; sourceTree = "<group>"; };
		04A2177D21A43EAA00DC2D2B /* main.m */ = {isa = PBXFileReference; lastKnownFileType = sourcecode.c.objc; path = main.m; sourceTree = "<group>"; };
		04A2178A21A43F6B00DC2D2B /* TabbarViewController.h */ = {isa = PBXFileReference; lastKnownFileType = sourcecode.c.h; path = TabbarViewController.h; sourceTree = "<group>"; };
		04A2178B21A43F6B00DC2D2B /* TabbarViewController.m */ = {isa = PBXFileReference; lastKnownFileType = sourcecode.c.objc; path = TabbarViewController.m; sourceTree = "<group>"; };
		04A2178E21A4401D00DC2D2B /* SHBaseTableViewController.m */ = {isa = PBXFileReference; fileEncoding = 4; lastKnownFileType = sourcecode.c.objc; path = SHBaseTableViewController.m; sourceTree = "<group>"; };
		04A2178F21A4401E00DC2D2B /* SHBaseViewController.h */ = {isa = PBXFileReference; fileEncoding = 4; lastKnownFileType = sourcecode.c.h; path = SHBaseViewController.h; sourceTree = "<group>"; };
		04A2179021A4401E00DC2D2B /* SHBaseTableViewController.h */ = {isa = PBXFileReference; fileEncoding = 4; lastKnownFileType = sourcecode.c.h; path = SHBaseTableViewController.h; sourceTree = "<group>"; };
		04A2179121A4401E00DC2D2B /* SHBaseViewController.m */ = {isa = PBXFileReference; fileEncoding = 4; lastKnownFileType = sourcecode.c.objc; path = SHBaseViewController.m; sourceTree = "<group>"; };
		04A2179321A4401E00DC2D2B /* JHLiveAdaptUI.m */ = {isa = PBXFileReference; fileEncoding = 4; lastKnownFileType = sourcecode.c.objc; path = JHLiveAdaptUI.m; sourceTree = "<group>"; };
		04A2179521A4401E00DC2D2B /* JHLiveAdaptUI.h */ = {isa = PBXFileReference; fileEncoding = 4; lastKnownFileType = sourcecode.c.h; path = JHLiveAdaptUI.h; sourceTree = "<group>"; };
		04A2179821A4401E00DC2D2B /* JHLiveBaseNavigationBar.m */ = {isa = PBXFileReference; fileEncoding = 4; lastKnownFileType = sourcecode.c.objc; path = JHLiveBaseNavigationBar.m; sourceTree = "<group>"; };
		04A2179921A4401E00DC2D2B /* JHLiveBaseNavigationBar.h */ = {isa = PBXFileReference; fileEncoding = 4; lastKnownFileType = sourcecode.c.h; path = JHLiveBaseNavigationBar.h; sourceTree = "<group>"; };
		04A217A121A4402600DC2D2B /* libJHBigPictureBrowsing.a */ = {isa = PBXFileReference; lastKnownFileType = archive.ar; path = libJHBigPictureBrowsing.a; sourceTree = "<group>"; };
		04A217A221A4402600DC2D2B /* JHBigPictureBrowsing.h */ = {isa = PBXFileReference; fileEncoding = 4; lastKnownFileType = sourcecode.c.h; path = JHBigPictureBrowsing.h; sourceTree = "<group>"; };
		04A217A421A4402600DC2D2B /* libJHPictureSelectionComponent.a */ = {isa = PBXFileReference; lastKnownFileType = archive.ar; path = libJHPictureSelectionComponent.a; sourceTree = "<group>"; };
		04A217A521A4402600DC2D2B /* JHPictureSelectionComponent.h */ = {isa = PBXFileReference; fileEncoding = 4; lastKnownFileType = sourcecode.c.h; path = JHPictureSelectionComponent.h; sourceTree = "<group>"; };
		04A217A721A4402600DC2D2B /* UMID.plist */ = {isa = PBXFileReference; fileEncoding = 4; lastKnownFileType = text.plist.xml; path = UMID.plist; sourceTree = "<group>"; };
		04A217A821A4402600DC2D2B /* JHDataStatisticsComponent.h */ = {isa = PBXFileReference; fileEncoding = 4; lastKnownFileType = sourcecode.c.h; path = JHDataStatisticsComponent.h; sourceTree = "<group>"; };
		04A217A921A4402600DC2D2B /* BuglyID.plist */ = {isa = PBXFileReference; fileEncoding = 4; lastKnownFileType = text.plist.xml; path = BuglyID.plist; sourceTree = "<group>"; };
		04A217AA21A4402600DC2D2B /* libJHDataStatisticsComponent.a */ = {isa = PBXFileReference; lastKnownFileType = archive.ar; path = libJHDataStatisticsComponent.a; sourceTree = "<group>"; };
		04A217AC21A4402600DC2D2B /* libJHAccountSystemComponent.a */ = {isa = PBXFileReference; lastKnownFileType = archive.ar; path = libJHAccountSystemComponent.a; sourceTree = "<group>"; };
		04A217AD21A4402600DC2D2B /* JHAccountSystemComponent.h */ = {isa = PBXFileReference; fileEncoding = 4; lastKnownFileType = sourcecode.c.h; path = JHAccountSystemComponent.h; sourceTree = "<group>"; };
		04A217AF21A4402600DC2D2B /* UMCommonLog.framework */ = {isa = PBXFileReference; lastKnownFileType = wrapper.framework; path = UMCommonLog.framework; sourceTree = "<group>"; };
		04A217B021A4402600DC2D2B /* UMCommonLog.bundle */ = {isa = PBXFileReference; lastKnownFileType = "wrapper.plug-in"; path = UMCommonLog.bundle; sourceTree = "<group>"; };
		04A217B121A4402600DC2D2B /* UMCommon.framework */ = {isa = PBXFileReference; lastKnownFileType = wrapper.framework; path = UMCommon.framework; sourceTree = "<group>"; };
		04A217B221A4402600DC2D2B /* UMAnalytics.framework */ = {isa = PBXFileReference; lastKnownFileType = wrapper.framework; path = UMAnalytics.framework; sourceTree = "<group>"; };
		04A217B521A4402600DC2D2B /* libJHMiddlewareComponent.a */ = {isa = PBXFileReference; lastKnownFileType = archive.ar; path = libJHMiddlewareComponent.a; sourceTree = "<group>"; };
		04A217B621A4402600DC2D2B /* JHMiddlewareComponent.h */ = {isa = PBXFileReference; fileEncoding = 4; lastKnownFileType = sourcecode.c.h; path = JHMiddlewareComponent.h; sourceTree = "<group>"; };
		04A217B921A4402600DC2D2B /* CommandList.h */ = {isa = PBXFileReference; fileEncoding = 4; lastKnownFileType = sourcecode.c.h; path = CommandList.h; sourceTree = "<group>"; };
		04A217BA21A4402600DC2D2B /* libJHRoutingComponent.a */ = {isa = PBXFileReference; lastKnownFileType = archive.ar; path = libJHRoutingComponent.a; sourceTree = "<group>"; };
		04A217BB21A4402600DC2D2B /* JHRoutingComponent.h */ = {isa = PBXFileReference; fileEncoding = 4; lastKnownFileType = sourcecode.c.h; path = JHRoutingComponent.h; sourceTree = "<group>"; };
		04A217BD21A4402600DC2D2B /* libJHEncryptionComponent.a */ = {isa = PBXFileReference; lastKnownFileType = archive.ar; path = libJHEncryptionComponent.a; sourceTree = "<group>"; };
		04A217BE21A4402600DC2D2B /* JHEncryptionComponent.h */ = {isa = PBXFileReference; fileEncoding = 4; lastKnownFileType = sourcecode.c.h; path = JHEncryptionComponent.h; sourceTree = "<group>"; };
		04A217C021A4402600DC2D2B /* Bugly.framework */ = {isa = PBXFileReference; lastKnownFileType = wrapper.framework; path = Bugly.framework; sourceTree = "<group>"; };
		04A217CF21A4406B00DC2D2B /* MyViewController.h */ = {isa = PBXFileReference; lastKnownFileType = sourcecode.c.h; path = MyViewController.h; sourceTree = "<group>"; };
		04A217D021A4406B00DC2D2B /* MyViewController.m */ = {isa = PBXFileReference; lastKnownFileType = sourcecode.c.objc; path = MyViewController.m; sourceTree = "<group>"; };
		04A217D221A4408800DC2D2B /* HomeViewController.h */ = {isa = PBXFileReference; lastKnownFileType = sourcecode.c.h; path = HomeViewController.h; sourceTree = "<group>"; };
		04A217D321A4408800DC2D2B /* HomeViewController.m */ = {isa = PBXFileReference; lastKnownFileType = sourcecode.c.objc; path = HomeViewController.m; sourceTree = "<group>"; };
		04A217D521A440E200DC2D2B /* GoodView.pch */ = {isa = PBXFileReference; lastKnownFileType = sourcecode.c.h; path = GoodView.pch; sourceTree = "<group>"; };
		04D256A721A5697200624688 /* MyEntryModel.h */ = {isa = PBXFileReference; lastKnownFileType = sourcecode.c.h; path = MyEntryModel.h; sourceTree = "<group>"; };
		04D256A821A5697200624688 /* MyEntryModel.m */ = {isa = PBXFileReference; lastKnownFileType = sourcecode.c.objc; path = MyEntryModel.m; sourceTree = "<group>"; };
		04D256AE21A56D6C00624688 /* MyEntryCell.h */ = {isa = PBXFileReference; lastKnownFileType = sourcecode.c.h; path = MyEntryCell.h; sourceTree = "<group>"; };
		04D256AF21A56D6C00624688 /* MyEntryCell.m */ = {isa = PBXFileReference; lastKnownFileType = sourcecode.c.objc; path = MyEntryCell.m; sourceTree = "<group>"; };
		62267AD521A7ED6800110EAB /* SHSearchBar.h */ = {isa = PBXFileReference; fileEncoding = 4; lastKnownFileType = sourcecode.c.h; path = SHSearchBar.h; sourceTree = "<group>"; };
		62267AD621A7ED6800110EAB /* SHSearchBar.m */ = {isa = PBXFileReference; fileEncoding = 4; lastKnownFileType = sourcecode.c.objc; path = SHSearchBar.m; sourceTree = "<group>"; };
		62267ADC21A7EE1500110EAB /* search.tiff */ = {isa = PBXFileReference; lastKnownFileType = image.tiff; path = search.tiff; sourceTree = "<group>"; };
		62267ADE21A7F45400110EAB /* ScenicSpotCell.h */ = {isa = PBXFileReference; lastKnownFileType = sourcecode.c.h; path = ScenicSpotCell.h; sourceTree = "<group>"; };
		62267ADF21A7F45400110EAB /* ScenicSpotCell.m */ = {isa = PBXFileReference; lastKnownFileType = sourcecode.c.objc; path = ScenicSpotCell.m; sourceTree = "<group>"; };
		62267AE121A7FA7F00110EAB /* ic_near_scenic_earphone@2x.png */ = {isa = PBXFileReference; lastKnownFileType = image.png; path = "ic_near_scenic_earphone@2x.png"; sourceTree = "<group>"; };
		62267AE321A7FB9100110EAB /* uu@2x.png */ = {isa = PBXFileReference; lastKnownFileType = image.png; path = "uu@2x.png"; sourceTree = "<group>"; };
		62ED857D21A537F900245CA0 /* SHLabelAndLabelView.m */ = {isa = PBXFileReference; fileEncoding = 4; lastKnownFileType = sourcecode.c.objc; path = SHLabelAndLabelView.m; sourceTree = "<group>"; };
		62ED857E21A537F900245CA0 /* SHLabelAndLabelView.h */ = {isa = PBXFileReference; fileEncoding = 4; lastKnownFileType = sourcecode.c.h; path = SHLabelAndLabelView.h; sourceTree = "<group>"; };
		62ED859121A69A6400245CA0 /* AvatarCell.h */ = {isa = PBXFileReference; lastKnownFileType = sourcecode.c.h; path = AvatarCell.h; sourceTree = "<group>"; };
		62ED859221A69A6400245CA0 /* AvatarCell.m */ = {isa = PBXFileReference; lastKnownFileType = sourcecode.c.objc; path = AvatarCell.m; sourceTree = "<group>"; };
		62ED859621A6C76A00245CA0 /* AboutViewController.h */ = {isa = PBXFileReference; lastKnownFileType = sourcecode.c.h; path = AboutViewController.h; sourceTree = "<group>"; };
		62ED859721A6C76A00245CA0 /* AboutViewController.m */ = {isa = PBXFileReference; lastKnownFileType = sourcecode.c.objc; path = AboutViewController.m; sourceTree = "<group>"; };
		62ED859921A6D88C00245CA0 /* AccountBindingVC.h */ = {isa = PBXFileReference; lastKnownFileType = sourcecode.c.h; path = AccountBindingVC.h; sourceTree = "<group>"; };
		62ED859A21A6D88C00245CA0 /* AccountBindingVC.m */ = {isa = PBXFileReference; lastKnownFileType = sourcecode.c.objc; path = AccountBindingVC.m; sourceTree = "<group>"; };
		62ED85A521A790D900245CA0 /* logo40@3x.png */ = {isa = PBXFileReference; lastKnownFileType = image.png; path = "logo40@3x.png"; sourceTree = "<group>"; };
		62ED85C521A790DC00245CA0 /* logo60@2x.png */ = {isa = PBXFileReference; lastKnownFileType = image.png; path = "logo60@2x.png"; sourceTree = "<group>"; };
		62ED85C921A790DD00245CA0 /* logo29@3x.png */ = {isa = PBXFileReference; lastKnownFileType = image.png; path = "logo29@3x.png"; sourceTree = "<group>"; };
		62ED85CA21A790DD00245CA0 /* logo60@3x.png */ = {isa = PBXFileReference; lastKnownFileType = image.png; path = "logo60@3x.png"; sourceTree = "<group>"; };
		62ED85CD21A790DD00245CA0 /* logo40@2x.png */ = {isa = PBXFileReference; lastKnownFileType = image.png; path = "logo40@2x.png"; sourceTree = "<group>"; };
		62ED85D421A790DE00245CA0 /* logo20@2x.png */ = {isa = PBXFileReference; lastKnownFileType = image.png; path = "logo20@2x.png"; sourceTree = "<group>"; };
		62ED85F521A790DF00245CA0 /* 登录.jpg */ = {isa = PBXFileReference; lastKnownFileType = image.jpeg; path = "登录.jpg"; sourceTree = "<group>"; };
		62ED85FD21A790E000245CA0 /* logo29@2x.png */ = {isa = PBXFileReference; lastKnownFileType = image.png; path = "logo29@2x.png"; sourceTree = "<group>"; };
		62ED85FE21A790E000245CA0 /* logo30@3x.png */ = {isa = PBXFileReference; lastKnownFileType = image.png; path = "logo30@3x.png"; sourceTree = "<group>"; };
		62ED860921A790E200245CA0 /* logo20@3x.png */ = {isa = PBXFileReference; lastKnownFileType = image.png; path = "logo20@3x.png"; sourceTree = "<group>"; };
		62ED867D21A79A9C00245CA0 /* SelectCityViewController.h */ = {isa = PBXFileReference; lastKnownFileType = sourcecode.c.h; path = SelectCityViewController.h; sourceTree = "<group>"; };
		62ED867E21A79A9C00245CA0 /* SelectCityViewController.m */ = {isa = PBXFileReference; lastKnownFileType = sourcecode.c.objc; path = SelectCityViewController.m; sourceTree = "<group>"; };
		62ED868021A79C2D00245CA0 /* 选择城市.jpg */ = {isa = PBXFileReference; lastKnownFileType = image.jpeg; path = "选择城市.jpg"; sourceTree = "<group>"; };
		62ED869F21A7A4CE00245CA0 /* NSString+NormalMethod.m */ = {isa = PBXFileReference; fileEncoding = 4; lastKnownFileType = sourcecode.c.objc; path = "NSString+NormalMethod.m"; sourceTree = "<group>"; };
		62ED86A021A7A4CF00245CA0 /* NSString+NormalMethod.h */ = {isa = PBXFileReference; fileEncoding = 4; lastKnownFileType = sourcecode.c.h; path = "NSString+NormalMethod.h"; sourceTree = "<group>"; };
		62ED86A821A7C33200245CA0 /* UIImage+SHTool.h */ = {isa = PBXFileReference; lastKnownFileType = sourcecode.c.h; path = "UIImage+SHTool.h"; sourceTree = "<group>"; };
		62ED86A921A7C33200245CA0 /* UIImage+SHTool.m */ = {isa = PBXFileReference; lastKnownFileType = sourcecode.c.objc; path = "UIImage+SHTool.m"; sourceTree = "<group>"; };
		62ED86AB21A7C3D800245CA0 /* UIColor+SHTool.h */ = {isa = PBXFileReference; lastKnownFileType = sourcecode.c.h; path = "UIColor+SHTool.h"; sourceTree = "<group>"; };
		62ED86AC21A7C3D800245CA0 /* UIColor+SHTool.m */ = {isa = PBXFileReference; lastKnownFileType = sourcecode.c.objc; path = "UIColor+SHTool.m"; sourceTree = "<group>"; };
		62ED86AE21A7C3E900245CA0 /* NSString+SHTool.h */ = {isa = PBXFileReference; lastKnownFileType = sourcecode.c.h; path = "NSString+SHTool.h"; sourceTree = "<group>"; };
		62ED86AF21A7C3E900245CA0 /* NSString+SHTool.m */ = {isa = PBXFileReference; lastKnownFileType = sourcecode.c.objc; path = "NSString+SHTool.m"; sourceTree = "<group>"; };
		62ED86B121A7C4F100245CA0 /* 首页.jpg */ = {isa = PBXFileReference; lastKnownFileType = image.jpeg; path = "首页.jpg"; sourceTree = "<group>"; };
		62ED86B321A7D75900245CA0 /* 首页2.jpg */ = {isa = PBXFileReference; lastKnownFileType = image.jpeg; path = "首页2.jpg"; sourceTree = "<group>"; };
		62ED86B521A7DB8100245CA0 /* jing_hao120.png */ = {isa = PBXFileReference; lastKnownFileType = image.png; path = jing_hao120.png; sourceTree = "<group>"; };
		62ED86B721A7DB8100245CA0 /* arrow_right_red.png */ = {isa = PBXFileReference; lastKnownFileType = image.png; path = arrow_right_red.png; sourceTree = "<group>"; };
		62ED86BA21A7DB8300245CA0 /* bg_near_scenic_level_grey.9.png */ = {isa = PBXFileReference; lastKnownFileType = image.png; path = bg_near_scenic_level_grey.9.png; sourceTree = "<group>"; };
		62ED86BB21A7DB8300245CA0 /* ic_search_bar_search.png */ = {isa = PBXFileReference; lastKnownFileType = image.png; path = ic_search_bar_search.png; sourceTree = "<group>"; };
		62ED86CB21A7DD8900245CA0 /* home_green@2x.png */ = {isa = PBXFileReference; lastKnownFileType = image.png; path = "home_green@2x.png"; sourceTree = "<group>"; };
		62ED86CC21A7DD8900245CA0 /* home_black@2x.png */ = {isa = PBXFileReference; lastKnownFileType = image.png; path = "home_black@2x.png"; sourceTree = "<group>"; };
		62ED86CF21A7DDB600245CA0 /* ic_search_bar_arrow_down@2x.png */ = {isa = PBXFileReference; lastKnownFileType = image.png; path = "ic_search_bar_arrow_down@2x.png"; sourceTree = "<group>"; };
		62ED86D121A7DFD000245CA0 /* ic_titlebar_triangle.png */ = {isa = PBXFileReference; lastKnownFileType = image.png; path = ic_titlebar_triangle.png; sourceTree = "<group>"; };
		62ED86D221A7DFD000245CA0 /* ssdk_oks_classic_qzone.png */ = {isa = PBXFileReference; lastKnownFileType = image.png; path = ssdk_oks_classic_qzone.png; sourceTree = "<group>"; };
		62ED86D321A7DFD100245CA0 /* ic_request_loc.png */ = {isa = PBXFileReference; lastKnownFileType = image.png; path = ic_request_loc.png; sourceTree = "<group>"; };
		62ED86D421A7DFD100245CA0 /* ic_route_list.png */ = {isa = PBXFileReference; lastKnownFileType = image.png; path = ic_route_list.png; sourceTree = "<group>"; };
		62ED86D521A7DFD100245CA0 /* ic_scenic_offlinepack.png */ = {isa = PBXFileReference; lastKnownFileType = image.png; path = ic_scenic_offlinepack.png; sourceTree = "<group>"; };
		62ED86D621A7DFD100245CA0 /* icon_phone_2.png */ = {isa = PBXFileReference; lastKnownFileType = image.png; path = icon_phone_2.png; sourceTree = "<group>"; };
		62ED86D721A7DFD100245CA0 /* ic_scenic_discrible.png */ = {isa = PBXFileReference; lastKnownFileType = image.png; path = ic_scenic_discrible.png; sourceTree = "<group>"; };
		62ED86D821A7DFD100245CA0 /* ic_titlebar_back.png */ = {isa = PBXFileReference; lastKnownFileType = image.png; path = ic_titlebar_back.png; sourceTree = "<group>"; };
		62ED86D921A7DFD400245CA0 /* ic_small_close.png */ = {isa = PBXFileReference; lastKnownFileType = image.png; path = ic_small_close.png; sourceTree = "<group>"; };
		62ED86DB21A7DFD500245CA0 /* ic_map_overlay_earphone.png */ = {isa = PBXFileReference; lastKnownFileType = image.png; path = ic_map_overlay_earphone.png; sourceTree = "<group>"; };
		62ED86DC21A7DFD500245CA0 /* ic_titlbar_share.png */ = {isa = PBXFileReference; lastKnownFileType = image.png; path = ic_titlbar_share.png; sourceTree = "<group>"; };
		62ED86DE21A7DFD500245CA0 /* ic_price_tag.png */ = {isa = PBXFileReference; lastKnownFileType = image.png; path = ic_price_tag.png; sourceTree = "<group>"; };
		62ED86DF21A7DFD600245CA0 /* ssdk_oks_classic_qq.png */ = {isa = PBXFileReference; lastKnownFileType = image.png; path = ssdk_oks_classic_qq.png; sourceTree = "<group>"; };
		62ED86E021A7DFD600245CA0 /* ssdk_oks_classic_wechatmoments.png */ = {isa = PBXFileReference; lastKnownFileType = image.png; path = ssdk_oks_classic_wechatmoments.png; sourceTree = "<group>"; };
		62ED86E121A7DFD600245CA0 /* ic_overlay_voice_indicator_two.png */ = {isa = PBXFileReference; lastKnownFileType = image.png; path = ic_overlay_voice_indicator_two.png; sourceTree = "<group>"; };
		62ED86E221A7DFD600245CA0 /* navi_map_gps_locked.png */ = {isa = PBXFileReference; lastKnownFileType = image.png; path = navi_map_gps_locked.png; sourceTree = "<group>"; };
		62ED86E321A7DFD700245CA0 /* bg_spot_overlay.9.png */ = {isa = PBXFileReference; lastKnownFileType = image.png; path = bg_spot_overlay.9.png; sourceTree = "<group>"; };
		62ED86E421A7DFD700245CA0 /* ic_subscenic_detail.png */ = {isa = PBXFileReference; lastKnownFileType = image.png; path = ic_subscenic_detail.png; sourceTree = "<group>"; };
		62ED86E521A7DFD700245CA0 /* ic_map_overlay_loading.png */ = {isa = PBXFileReference; lastKnownFileType = image.png; path = ic_map_overlay_loading.png; sourceTree = "<group>"; };
		62ED86E621A7DFD700245CA0 /* ic_overlay_voice_indicator_three.png */ = {isa = PBXFileReference; lastKnownFileType = image.png; path = ic_overlay_voice_indicator_three.png; sourceTree = "<group>"; };
		62ED86E721A7DFD800245CA0 /* ic_subscenic_marker_line.png */ = {isa = PBXFileReference; lastKnownFileType = image.png; path = ic_subscenic_marker_line.png; sourceTree = "<group>"; };
		62ED86E821A7DFD800245CA0 /* bg_capsule_hollow.9.png */ = {isa = PBXFileReference; lastKnownFileType = image.png; path = bg_capsule_hollow.9.png; sourceTree = "<group>"; };
		62ED86E921A7DFD800245CA0 /* ic_map_marker_has_voice.png */ = {isa = PBXFileReference; lastKnownFileType = image.png; path = ic_map_marker_has_voice.png; sourceTree = "<group>"; };
		62ED86EA21A7DFD900245CA0 /* ic_overlay_voice_indicator_one.png */ = {isa = PBXFileReference; lastKnownFileType = image.png; path = ic_overlay_voice_indicator_one.png; sourceTree = "<group>"; };
		62ED86EB21A7DFD900245CA0 /* ic_subscenic_search.png */ = {isa = PBXFileReference; lastKnownFileType = image.png; path = ic_subscenic_search.png; sourceTree = "<group>"; };
		62ED86EC21A7DFD900245CA0 /* near_by.png */ = {isa = PBXFileReference; lastKnownFileType = image.png; path = near_by.png; sourceTree = "<group>"; };
		62ED86ED21A7DFD900245CA0 /* ssdk_oks_classic_wechat.png */ = {isa = PBXFileReference; lastKnownFileType = image.png; path = ssdk_oks_classic_wechat.png; sourceTree = "<group>"; };
		62ED86EE21A7DFDA00245CA0 /* ic_map_marker_has_voice_gray.png */ = {isa = PBXFileReference; lastKnownFileType = image.png; path = ic_map_marker_has_voice_gray.png; sourceTree = "<group>"; };
		62ED86EF21A7DFDB00245CA0 /* ic_subscenic_list.png */ = {isa = PBXFileReference; lastKnownFileType = image.png; path = ic_subscenic_list.png; sourceTree = "<group>"; };
		62ED86F021A7DFDB00245CA0 /* ic_overlay_voice_indicator_four.png */ = {isa = PBXFileReference; lastKnownFileType = image.png; path = ic_overlay_voice_indicator_four.png; sourceTree = "<group>"; };
		62ED86F121A7DFDB00245CA0 /* ic_map_overlay_pause.png */ = {isa = PBXFileReference; lastKnownFileType = image.png; path = ic_map_overlay_pause.png; sourceTree = "<group>"; };
		62ED86F221A7DFDB00245CA0 /* ic_map_marker_has_voice_dark.png */ = {isa = PBXFileReference; lastKnownFileType = image.png; path = ic_map_marker_has_voice_dark.png; sourceTree = "<group>"; };
		62ED86F321A7DFDC00245CA0 /* qr_code64.png */ = {isa = PBXFileReference; lastKnownFileType = image.png; path = qr_code64.png; sourceTree = "<group>"; };
		62ED871C21A7E1CD00245CA0 /* QRCodeAreaView.h */ = {isa = PBXFileReference; fileEncoding = 4; lastKnownFileType = sourcecode.c.h; path = QRCodeAreaView.h; sourceTree = "<group>"; };
		62ED871D21A7E1CD00245CA0 /* QRCodeAreaView.m */ = {isa = PBXFileReference; fileEncoding = 4; lastKnownFileType = sourcecode.c.objc; path = QRCodeAreaView.m; sourceTree = "<group>"; };
		62ED871E21A7E1CD00245CA0 /* QRCodeBacgrouView.h */ = {isa = PBXFileReference; fileEncoding = 4; lastKnownFileType = sourcecode.c.h; path = QRCodeBacgrouView.h; sourceTree = "<group>"; };
		62ED871F21A7E1CD00245CA0 /* QRCodeBacgrouView.m */ = {isa = PBXFileReference; fileEncoding = 4; lastKnownFileType = sourcecode.c.objc; path = QRCodeBacgrouView.m; sourceTree = "<group>"; };
		62ED872021A7E1CD00245CA0 /* QRCodeVC.h */ = {isa = PBXFileReference; fileEncoding = 4; lastKnownFileType = sourcecode.c.h; path = QRCodeVC.h; sourceTree = "<group>"; };
		62ED872121A7E1CD00245CA0 /* QRCodeVC.m */ = {isa = PBXFileReference; fileEncoding = 4; lastKnownFileType = sourcecode.c.objc; path = QRCodeVC.m; sourceTree = "<group>"; };
		62ED872521A7E26B00245CA0 /* ic_arrow_brown.png */ = {isa = PBXFileReference; lastKnownFileType = image.png; path = ic_arrow_brown.png; sourceTree = "<group>"; };
		62ED872621A7E26B00245CA0 /* frame_icon@2x.png */ = {isa = PBXFileReference; lastKnownFileType = image.png; path = "frame_icon@2x.png"; sourceTree = "<group>"; };
		62ED872721A7E26B00245CA0 /* ic_main_me_myorder.png */ = {isa = PBXFileReference; lastKnownFileType = image.png; path = ic_main_me_myorder.png; sourceTree = "<group>"; };
		62ED872821A7E26B00245CA0 /* ic_arrow_gray.png */ = {isa = PBXFileReference; lastKnownFileType = image.png; path = ic_arrow_gray.png; sourceTree = "<group>"; };
		62ED872921A7E26C00245CA0 /* ic_arrow_yellow.png */ = {isa = PBXFileReference; lastKnownFileType = image.png; path = ic_arrow_yellow.png; sourceTree = "<group>"; };
		62ED872A21A7E26C00245CA0 /* setting.png */ = {isa = PBXFileReference; lastKnownFileType = image.png; path = setting.png; sourceTree = "<group>"; };
		62ED872B21A7E26C00245CA0 /* ic_main_customer_service.png */ = {isa = PBXFileReference; lastKnownFileType = image.png; path = ic_main_customer_service.png; sourceTree = "<group>"; };
		62ED872C21A7E26C00245CA0 /* cross.tiff */ = {isa = PBXFileReference; lastKnownFileType = image.tiff; path = cross.tiff; sourceTree = "<group>"; };
		62ED872F21A7E26D00245CA0 /* line.png */ = {isa = PBXFileReference; lastKnownFileType = image.png; path = line.png; sourceTree = "<group>"; };
		62ED873021A7E26D00245CA0 /* ic_main_me_offline_manage.png */ = {isa = PBXFileReference; lastKnownFileType = image.png; path = ic_main_me_offline_manage.png; sourceTree = "<group>"; };
		62ED873221A7E26D00245CA0 /* frame_icon@3x.png */ = {isa = PBXFileReference; lastKnownFileType = image.png; path = "frame_icon@3x.png"; sourceTree = "<group>"; };
		62ED874421A7E2FC00245CA0 /* UIViewExt.h */ = {isa = PBXFileReference; fileEncoding = 4; lastKnownFileType = sourcecode.c.h; path = UIViewExt.h; sourceTree = "<group>"; };
		62ED874521A7E2FC00245CA0 /* UIViewExt.m */ = {isa = PBXFileReference; fileEncoding = 4; lastKnownFileType = sourcecode.c.objc; path = UIViewExt.m; sourceTree = "<group>"; };
		62ED874921A7E44A00245CA0 /* scaning@2x.png */ = {isa = PBXFileReference; lastKnownFileType = image.png; path = "scaning@2x.png"; sourceTree = "<group>"; };
		6B3FEC0BB376CD516FCEED52 /* Pods-GoodView.release.xcconfig */ = {isa = PBXFileReference; includeInIndex = 1; lastKnownFileType = text.xcconfig; name = "Pods-GoodView.release.xcconfig"; path = "Pods/Target Support Files/Pods-GoodView/Pods-GoodView.release.xcconfig"; sourceTree = "<group>"; };
		D87861D39641187F56817B4E /* libPods-GoodView.a */ = {isa = PBXFileReference; explicitFileType = archive.ar; includeInIndex = 0; path = "libPods-GoodView.a"; sourceTree = BUILT_PRODUCTS_DIR; };
		DFCD9A15BA0CEC0818EC111E /* Pods-GoodView.debug.xcconfig */ = {isa = PBXFileReference; includeInIndex = 1; lastKnownFileType = text.xcconfig; name = "Pods-GoodView.debug.xcconfig"; path = "Pods/Target Support Files/Pods-GoodView/Pods-GoodView.debug.xcconfig"; sourceTree = "<group>"; };
/* End PBXFileReference section */

/* Begin PBXFrameworksBuildPhase section */
		04A2176821A43EA900DC2D2B /* Frameworks */ = {
			isa = PBXFrameworksBuildPhase;
			buildActionMask = 2147483647;
			files = (
				0427A52921A81DA500E1B175 /* AVFoundation.framework in Frameworks */,
				877899E402EEC60C8CF5BFC1 /* libPods-GoodView.a in Frameworks */,
			);
			runOnlyForDeploymentPostprocessing = 0;
		};
/* End PBXFrameworksBuildPhase section */

/* Begin PBXGroup section */
		0427A54A21A8F1B300E1B175 /* Control */ = {
			isa = PBXGroup;
			children = (
				0427A54B21A8F1DA00E1B175 /* AccountManager.h */,
				0427A54C21A8F1DA00E1B175 /* AccountManager.m */,
			);
			path = Control;
			sourceTree = "<group>";
		};
		0427A55521A938C200E1B175 /* JKCountDownButton */ = {
			isa = PBXGroup;
			children = (
				0427A55621A938C200E1B175 /* JKCountDownButton.h */,
				0427A55721A938C200E1B175 /* JKCountDownButton.m */,
			);
			path = JKCountDownButton;
			sourceTree = "<group>";
		};
		04A2176221A43EA800DC2D2B = {
			isa = PBXGroup;
			children = (
				04A2176D21A43EA900DC2D2B /* GoodView */,
				04A2176C21A43EA900DC2D2B /* Products */,
				7D191ECB045E18B4B993B28C /* Pods */,
				CBBC76759AF80C352187828A /* Frameworks */,
			);
			sourceTree = "<group>";
		};
		04A2176C21A43EA900DC2D2B /* Products */ = {
			isa = PBXGroup;
			children = (
				04A2176B21A43EA900DC2D2B /* GoodView.app */,
			);
			name = Products;
			sourceTree = "<group>";
		};
		04A2176D21A43EA900DC2D2B /* GoodView */ = {
			isa = PBXGroup;
			children = (
				0427A54A21A8F1B300E1B175 /* Control */,
				62ED871B21A7E1CD00245CA0 /* QRCode */,
				62ED868821A7A34D00245CA0 /* UIView */,
				62ED868421A7A08D00245CA0 /* Category */,
				04D256AD21A56D5100624688 /* Cell */,
				04D256A621A5691500624688 /* Model */,
				04A217D821A445D200DC2D2B /* Image */,
				04A2178621A43F4F00DC2D2B /* UIViewController */,
				04A2178521A43F2500DC2D2B /* Base */,
				04A2178421A43F2400DC2D2B /* Lib */,
				04A2176E21A43EA900DC2D2B /* AppDelegate.h */,
				04A2176F21A43EA900DC2D2B /* AppDelegate.m */,
				04A2177421A43EA900DC2D2B /* Main.storyboard */,
				04A2177721A43EAA00DC2D2B /* Assets.xcassets */,
				04A2177921A43EAA00DC2D2B /* LaunchScreen.storyboard */,
				04A2177C21A43EAA00DC2D2B /* Info.plist */,
				04A2177D21A43EAA00DC2D2B /* main.m */,
				04A217D521A440E200DC2D2B /* GoodView.pch */,
				0427A55321A9077000E1B175 /* URLHeader.h */,
			);
			path = GoodView;
			sourceTree = "<group>";
		};
		04A2178421A43F2400DC2D2B /* Lib */ = {
			isa = PBXGroup;
			children = (
				0427A55521A938C200E1B175 /* JKCountDownButton */,
				04A217BF21A4402600DC2D2B /* Bugly */,
				04A2179F21A4402600DC2D2B /* Business */,
				04A217B321A4402600DC2D2B /* Technology */,
				04A217AE21A4402600DC2D2B /* UM */,
			);
			path = Lib;
			sourceTree = "<group>";
		};
		04A2178521A43F2500DC2D2B /* Base */ = {
			isa = PBXGroup;
			children = (
				04A2179221A4401E00DC2D2B /* BaseControl */,
				04A2179721A4401E00DC2D2B /* BaseView */,
				04A2178D21A4401D00DC2D2B /* BaseViewController */,
			);
			path = Base;
			sourceTree = "<group>";
		};
		04A2178621A43F4F00DC2D2B /* UIViewController */ = {
			isa = PBXGroup;
			children = (
				0427A57D21AA5E9200E1B175 /* MyOrderVC.h */,
				0427A57C21AA5E9200E1B175 /* MyOrderVC.m */,
				04A2178A21A43F6B00DC2D2B /* TabbarViewController.h */,
				04A2178B21A43F6B00DC2D2B /* TabbarViewController.m */,
				04A217CF21A4406B00DC2D2B /* MyViewController.h */,
				04A217D021A4406B00DC2D2B /* MyViewController.m */,
				04A217D221A4408800DC2D2B /* HomeViewController.h */,
				04A217D321A4408800DC2D2B /* HomeViewController.m */,
				0427A51A21A59DEC00E1B175 /* PersonalInformationVC.h */,
				0427A51B21A59DEC00E1B175 /* PersonalInformationVC.m */,
				62ED859621A6C76A00245CA0 /* AboutViewController.h */,
				62ED859721A6C76A00245CA0 /* AboutViewController.m */,
				62ED859921A6D88C00245CA0 /* AccountBindingVC.h */,
				62ED859A21A6D88C00245CA0 /* AccountBindingVC.m */,
				0427A51E21A6EAED00E1B175 /* LoginViewController.h */,
				0427A51F21A6EAED00E1B175 /* LoginViewController.m */,
				62ED867D21A79A9C00245CA0 /* SelectCityViewController.h */,
				62ED867E21A79A9C00245CA0 /* SelectCityViewController.m */,
				0427A57F21AA779100E1B175 /* LoudspeakerOrderVC.h */,
				0427A58021AA779100E1B175 /* LoudspeakerOrderVC.m */,
				0427A58221AA77C200E1B175 /* OfflinePackageVC.h */,
				0427A58321AA77C200E1B175 /* OfflinePackageVC.m */,
			);
			path = UIViewController;
			sourceTree = "<group>";
		};
		04A2178D21A4401D00DC2D2B /* BaseViewController */ = {
			isa = PBXGroup;
			children = (
				04A2179021A4401E00DC2D2B /* SHBaseTableViewController.h */,
				04A2178E21A4401D00DC2D2B /* SHBaseTableViewController.m */,
				04A2178F21A4401E00DC2D2B /* SHBaseViewController.h */,
				04A2179121A4401E00DC2D2B /* SHBaseViewController.m */,
			);
			path = BaseViewController;
			sourceTree = "<group>";
		};
		04A2179221A4401E00DC2D2B /* BaseControl */ = {
			isa = PBXGroup;
			children = (
				04A2179521A4401E00DC2D2B /* JHLiveAdaptUI.h */,
				04A2179321A4401E00DC2D2B /* JHLiveAdaptUI.m */,
			);
			path = BaseControl;
			sourceTree = "<group>";
		};
		04A2179721A4401E00DC2D2B /* BaseView */ = {
			isa = PBXGroup;
			children = (
				62ED857E21A537F900245CA0 /* SHLabelAndLabelView.h */,
				62ED857D21A537F900245CA0 /* SHLabelAndLabelView.m */,
				043B5C6321A5128300478CD8 /* SHImageAndTitleBtn.h */,
				043B5C6421A5128400478CD8 /* SHImageAndTitleBtn.m */,
				04A2179821A4401E00DC2D2B /* JHLiveBaseNavigationBar.m */,
				04A2179921A4401E00DC2D2B /* JHLiveBaseNavigationBar.h */,
			);
			path = BaseView;
			sourceTree = "<group>";
		};
		04A2179F21A4402600DC2D2B /* Business */ = {
			isa = PBXGroup;
			children = (
				04A217A021A4402600DC2D2B /* JHBigPictureBrowsing */,
				04A217A321A4402600DC2D2B /* JHPictureSelectionComponent */,
				04A217A621A4402600DC2D2B /* JHDataStatisticsComponent */,
				04A217AB21A4402600DC2D2B /* JHAccountSystemComponent */,
			);
			path = Business;
			sourceTree = "<group>";
		};
		04A217A021A4402600DC2D2B /* JHBigPictureBrowsing */ = {
			isa = PBXGroup;
			children = (
				04A217A121A4402600DC2D2B /* libJHBigPictureBrowsing.a */,
				04A217A221A4402600DC2D2B /* JHBigPictureBrowsing.h */,
			);
			path = JHBigPictureBrowsing;
			sourceTree = "<group>";
		};
		04A217A321A4402600DC2D2B /* JHPictureSelectionComponent */ = {
			isa = PBXGroup;
			children = (
				04A217A421A4402600DC2D2B /* libJHPictureSelectionComponent.a */,
				04A217A521A4402600DC2D2B /* JHPictureSelectionComponent.h */,
			);
			path = JHPictureSelectionComponent;
			sourceTree = "<group>";
		};
		04A217A621A4402600DC2D2B /* JHDataStatisticsComponent */ = {
			isa = PBXGroup;
			children = (
				04A217A721A4402600DC2D2B /* UMID.plist */,
				04A217A821A4402600DC2D2B /* JHDataStatisticsComponent.h */,
				04A217A921A4402600DC2D2B /* BuglyID.plist */,
				04A217AA21A4402600DC2D2B /* libJHDataStatisticsComponent.a */,
			);
			path = JHDataStatisticsComponent;
			sourceTree = "<group>";
		};
		04A217AB21A4402600DC2D2B /* JHAccountSystemComponent */ = {
			isa = PBXGroup;
			children = (
				04A217AC21A4402600DC2D2B /* libJHAccountSystemComponent.a */,
				04A217AD21A4402600DC2D2B /* JHAccountSystemComponent.h */,
			);
			path = JHAccountSystemComponent;
			sourceTree = "<group>";
		};
		04A217AE21A4402600DC2D2B /* UM */ = {
			isa = PBXGroup;
			children = (
				04A217AF21A4402600DC2D2B /* UMCommonLog.framework */,
				04A217B021A4402600DC2D2B /* UMCommonLog.bundle */,
				04A217B121A4402600DC2D2B /* UMCommon.framework */,
				04A217B221A4402600DC2D2B /* UMAnalytics.framework */,
			);
			path = UM;
			sourceTree = "<group>";
		};
		04A217B321A4402600DC2D2B /* Technology */ = {
			isa = PBXGroup;
			children = (
				04A217B421A4402600DC2D2B /* JHMiddlewareComponent */,
				04A217B821A4402600DC2D2B /* JHRoutingComponent */,
				04A217BC21A4402600DC2D2B /* JHEncryptionComponent */,
			);
			path = Technology;
			sourceTree = "<group>";
		};
		04A217B421A4402600DC2D2B /* JHMiddlewareComponent */ = {
			isa = PBXGroup;
			children = (
				04A217B521A4402600DC2D2B /* libJHMiddlewareComponent.a */,
				04A217B621A4402600DC2D2B /* JHMiddlewareComponent.h */,
			);
			path = JHMiddlewareComponent;
			sourceTree = "<group>";
		};
		04A217B821A4402600DC2D2B /* JHRoutingComponent */ = {
			isa = PBXGroup;
			children = (
				04A217B921A4402600DC2D2B /* CommandList.h */,
				04A217BA21A4402600DC2D2B /* libJHRoutingComponent.a */,
				04A217BB21A4402600DC2D2B /* JHRoutingComponent.h */,
			);
			path = JHRoutingComponent;
			sourceTree = "<group>";
		};
		04A217BC21A4402600DC2D2B /* JHEncryptionComponent */ = {
			isa = PBXGroup;
			children = (
				04A217BD21A4402600DC2D2B /* libJHEncryptionComponent.a */,
				04A217BE21A4402600DC2D2B /* JHEncryptionComponent.h */,
			);
			path = JHEncryptionComponent;
			sourceTree = "<group>";
		};
		04A217BF21A4402600DC2D2B /* Bugly */ = {
			isa = PBXGroup;
			children = (
				04A217C021A4402600DC2D2B /* Bugly.framework */,
			);
			path = Bugly;
			sourceTree = "<group>";
		};
		04A217D821A445D200DC2D2B /* Image */ = {
			isa = PBXGroup;
			children = (
				0427A57721A9887100E1B175 /* touxiang@2x.png */,
				0427A57321A987FC00E1B175 /* QQ@2x.png */,
				0427A57421A987FC00E1B175 /* weixin@2x.png */,
				0427A57121A9875900E1B175 /* shouji@2x.png */,
				0427A56721A97AD600E1B175 /* guanyu@2x.png */,
				0427A56821A97AD600E1B175 /* kefu@2x.png */,
				0427A56921A97AD600E1B175 /* kuoyinqidingdan@2x.png */,
				0427A56B21A97AD600E1B175 /* lixianbaoguanli@2x.png */,
				0427A56A21A97AD600E1B175 /* wodedingdan@2x.png */,
				0427A56521A95BA800E1B175 /* scenic_me_avatar_no_login@2x.png */,
				0427A56221A955C000E1B175 /* me_black@2x.png */,
				0427A56121A955BF00E1B175 /* me_green@2x.png */,
				0427A54E21A8F4D000E1B175 /* ic_login_qq@2x.png */,
				0427A54F21A8F4D000E1B175 /* ic_login_wechat@2x.png */,
				0427A52621A81AC900E1B175 /* headline@2x.jpg */,
				62267AE321A7FB9100110EAB /* uu@2x.png */,
				62267AE121A7FA7F00110EAB /* ic_near_scenic_earphone@2x.png */,
				62267ADC21A7EE1500110EAB /* search.tiff */,
				62ED874921A7E44A00245CA0 /* scaning@2x.png */,
				62ED872C21A7E26C00245CA0 /* cross.tiff */,
				62ED872621A7E26B00245CA0 /* frame_icon@2x.png */,
				62ED873221A7E26D00245CA0 /* frame_icon@3x.png */,
				62ED872521A7E26B00245CA0 /* ic_arrow_brown.png */,
				62ED872821A7E26B00245CA0 /* ic_arrow_gray.png */,
				62ED872921A7E26C00245CA0 /* ic_arrow_yellow.png */,
				62ED872B21A7E26C00245CA0 /* ic_main_customer_service.png */,
				62ED872721A7E26B00245CA0 /* ic_main_me_myorder.png */,
				62ED873021A7E26D00245CA0 /* ic_main_me_offline_manage.png */,
				62ED872F21A7E26D00245CA0 /* line.png */,
				62ED872A21A7E26C00245CA0 /* setting.png */,
				62ED86E821A7DFD800245CA0 /* bg_capsule_hollow.9.png */,
				62ED86E321A7DFD700245CA0 /* bg_spot_overlay.9.png */,
				62ED86F221A7DFDB00245CA0 /* ic_map_marker_has_voice_dark.png */,
				62ED86EE21A7DFDA00245CA0 /* ic_map_marker_has_voice_gray.png */,
				62ED86E921A7DFD800245CA0 /* ic_map_marker_has_voice.png */,
				62ED86DB21A7DFD500245CA0 /* ic_map_overlay_earphone.png */,
				62ED86E521A7DFD700245CA0 /* ic_map_overlay_loading.png */,
				62ED86F121A7DFDB00245CA0 /* ic_map_overlay_pause.png */,
				62ED86F021A7DFDB00245CA0 /* ic_overlay_voice_indicator_four.png */,
				62ED86EA21A7DFD900245CA0 /* ic_overlay_voice_indicator_one.png */,
				62ED86E621A7DFD700245CA0 /* ic_overlay_voice_indicator_three.png */,
				62ED86E121A7DFD600245CA0 /* ic_overlay_voice_indicator_two.png */,
				62ED86DE21A7DFD500245CA0 /* ic_price_tag.png */,
				62ED86D321A7DFD100245CA0 /* ic_request_loc.png */,
				62ED86D421A7DFD100245CA0 /* ic_route_list.png */,
				62ED86D721A7DFD100245CA0 /* ic_scenic_discrible.png */,
				62ED86D521A7DFD100245CA0 /* ic_scenic_offlinepack.png */,
				62ED86D921A7DFD400245CA0 /* ic_small_close.png */,
				62ED86E421A7DFD700245CA0 /* ic_subscenic_detail.png */,
				62ED86EF21A7DFDB00245CA0 /* ic_subscenic_list.png */,
				62ED86E721A7DFD800245CA0 /* ic_subscenic_marker_line.png */,
				62ED86EB21A7DFD900245CA0 /* ic_subscenic_search.png */,
				62ED86DC21A7DFD500245CA0 /* ic_titlbar_share.png */,
				62ED86D821A7DFD100245CA0 /* ic_titlebar_back.png */,
				62ED86D121A7DFD000245CA0 /* ic_titlebar_triangle.png */,
				62ED86D621A7DFD100245CA0 /* icon_phone_2.png */,
				62ED86E221A7DFD600245CA0 /* navi_map_gps_locked.png */,
				62ED86EC21A7DFD900245CA0 /* near_by.png */,
				62ED86F321A7DFDC00245CA0 /* qr_code64.png */,
				62ED86DF21A7DFD600245CA0 /* ssdk_oks_classic_qq.png */,
				62ED86D221A7DFD000245CA0 /* ssdk_oks_classic_qzone.png */,
				62ED86ED21A7DFD900245CA0 /* ssdk_oks_classic_wechat.png */,
				62ED86E021A7DFD600245CA0 /* ssdk_oks_classic_wechatmoments.png */,
				62ED86CF21A7DDB600245CA0 /* ic_search_bar_arrow_down@2x.png */,
				62ED86CC21A7DD8900245CA0 /* home_black@2x.png */,
				62ED86CB21A7DD8900245CA0 /* home_green@2x.png */,
				62ED86B721A7DB8100245CA0 /* arrow_right_red.png */,
				62ED86BA21A7DB8300245CA0 /* bg_near_scenic_level_grey.9.png */,
				62ED86BB21A7DB8300245CA0 /* ic_search_bar_search.png */,
				62ED86B521A7DB8100245CA0 /* jing_hao120.png */,
				62ED85D421A790DE00245CA0 /* logo20@2x.png */,
				62ED860921A790E200245CA0 /* logo20@3x.png */,
				62ED85FD21A790E000245CA0 /* logo29@2x.png */,
				62ED85C921A790DD00245CA0 /* logo29@3x.png */,
				62ED85FE21A790E000245CA0 /* logo30@3x.png */,
				62ED85CD21A790DD00245CA0 /* logo40@2x.png */,
				62ED85A521A790D900245CA0 /* logo40@3x.png */,
				62ED85C521A790DC00245CA0 /* logo60@2x.png */,
				62ED85CA21A790DD00245CA0 /* logo60@3x.png */,
				62ED85D921A790DF00245CA0 /* temp */,
			);
			path = Image;
			sourceTree = "<group>";
		};
		04D256A621A5691500624688 /* Model */ = {
			isa = PBXGroup;
			children = (
				04D256A721A5697200624688 /* MyEntryModel.h */,
				04D256A821A5697200624688 /* MyEntryModel.m */,
				0427A55C21A93FEE00E1B175 /* JHUserModel.h */,
				0427A55D21A93FEE00E1B175 /* JHUserModel.m */,
			);
			path = Model;
			sourceTree = "<group>";
		};
		04D256AD21A56D5100624688 /* Cell */ = {
			isa = PBXGroup;
			children = (
				04D256AE21A56D6C00624688 /* MyEntryCell.h */,
				04D256AF21A56D6C00624688 /* MyEntryCell.m */,
				62ED859121A69A6400245CA0 /* AvatarCell.h */,
				62ED859221A69A6400245CA0 /* AvatarCell.m */,
				62267ADE21A7F45400110EAB /* ScenicSpotCell.h */,
				62267ADF21A7F45400110EAB /* ScenicSpotCell.m */,
				0427A52C21A8233D00E1B175 /* CityCell.h */,
				0427A52D21A8233D00E1B175 /* CityCell.m */,
				0427A57921AA49C500E1B175 /* MyOrderCell.h */,
				0427A57A21AA49C500E1B175 /* MyOrderCell.m */,
			);
			path = Cell;
			sourceTree = "<group>";
		};
		62ED85D921A790DF00245CA0 /* temp */ = {
			isa = PBXGroup;
			children = (
				0427A53121A83BF300E1B175 /* 订单管理.jpg */,
				0427A53221A83BF300E1B175 /* 个人信息.jpg */,
				0427A53821A83BF300E1B175 /* 更换头像.jpg */,
				0427A53921A83BF300E1B175 /* 关于景好.jpg */,
				0427A53521A83BF300E1B175 /* 离线包管理.jpg */,
				0427A53621A83BF300E1B175 /* 我的.jpg */,
				0427A53321A83BF300E1B175 /* 详情.jpg */,
				0427A53421A83BF300E1B175 /* 详情1.jpg */,
				0427A52F21A83BF200E1B175 /* 详情2.jpg */,
				0427A53A21A83BF300E1B175 /* 详情3.jpg */,
				0427A53B21A83BF400E1B175 /* 详情4.jpg */,
				0427A53721A83BF300E1B175 /* 详情5.jpg */,
				0427A53021A83BF200E1B175 /* 账号绑定.jpg */,
				62ED86B321A7D75900245CA0 /* 首页2.jpg */,
				62ED86B121A7C4F100245CA0 /* 首页.jpg */,
				62ED868021A79C2D00245CA0 /* 选择城市.jpg */,
				62ED85F521A790DF00245CA0 /* 登录.jpg */,
			);
			path = temp;
			sourceTree = "<group>";
		};
		62ED868421A7A08D00245CA0 /* Category */ = {
			isa = PBXGroup;
			children = (
				62ED86A021A7A4CF00245CA0 /* NSString+NormalMethod.h */,
				62ED869F21A7A4CE00245CA0 /* NSString+NormalMethod.m */,
				62ED86A821A7C33200245CA0 /* UIImage+SHTool.h */,
				62ED86A921A7C33200245CA0 /* UIImage+SHTool.m */,
				62ED86AB21A7C3D800245CA0 /* UIColor+SHTool.h */,
				62ED86AC21A7C3D800245CA0 /* UIColor+SHTool.m */,
				62ED86AE21A7C3E900245CA0 /* NSString+SHTool.h */,
				62ED86AF21A7C3E900245CA0 /* NSString+SHTool.m */,
			);
			path = Category;
			sourceTree = "<group>";
		};
		62ED868821A7A34D00245CA0 /* UIView */ = {
			isa = PBXGroup;
			children = (
				62267AD521A7ED6800110EAB /* SHSearchBar.h */,
				62267AD621A7ED6800110EAB /* SHSearchBar.m */,
			);
			path = UIView;
			sourceTree = "<group>";
		};
		62ED871B21A7E1CD00245CA0 /* QRCode */ = {
			isa = PBXGroup;
			children = (
				62ED874321A7E2FC00245CA0 /* UIViewExt */,
				62ED871C21A7E1CD00245CA0 /* QRCodeAreaView.h */,
				62ED871D21A7E1CD00245CA0 /* QRCodeAreaView.m */,
				62ED871E21A7E1CD00245CA0 /* QRCodeBacgrouView.h */,
				62ED871F21A7E1CD00245CA0 /* QRCodeBacgrouView.m */,
				62ED872021A7E1CD00245CA0 /* QRCodeVC.h */,
				62ED872121A7E1CD00245CA0 /* QRCodeVC.m */,
			);
			path = QRCode;
			sourceTree = "<group>";
		};
		62ED874321A7E2FC00245CA0 /* UIViewExt */ = {
			isa = PBXGroup;
			children = (
				62ED874421A7E2FC00245CA0 /* UIViewExt.h */,
				62ED874521A7E2FC00245CA0 /* UIViewExt.m */,
			);
			path = UIViewExt;
			sourceTree = "<group>";
		};
		7D191ECB045E18B4B993B28C /* Pods */ = {
			isa = PBXGroup;
			children = (
				DFCD9A15BA0CEC0818EC111E /* Pods-GoodView.debug.xcconfig */,
				6B3FEC0BB376CD516FCEED52 /* Pods-GoodView.release.xcconfig */,
			);
			name = Pods;
			sourceTree = "<group>";
		};
		CBBC76759AF80C352187828A /* Frameworks */ = {
			isa = PBXGroup;
			children = (
				0427A52A21A81DCC00E1B175 /* MobileCoreServices.framework */,
				0427A52821A81DA500E1B175 /* AVFoundation.framework */,
				D87861D39641187F56817B4E /* libPods-GoodView.a */,
			);
			name = Frameworks;
			sourceTree = "<group>";
		};
/* End PBXGroup section */

/* Begin PBXNativeTarget section */
		04A2176A21A43EA900DC2D2B /* GoodView */ = {
			isa = PBXNativeTarget;
			buildConfigurationList = 04A2178121A43EAA00DC2D2B /* Build configuration list for PBXNativeTarget "GoodView" */;
			buildPhases = (
				C3D5FC3DA1864CF7DB0504E7 /* [CP] Check Pods Manifest.lock */,
				04A2176721A43EA900DC2D2B /* Sources */,
				04A2176821A43EA900DC2D2B /* Frameworks */,
				04A2176921A43EA900DC2D2B /* Resources */,
				EAB41DFFC1723A71D8BBEA4D /* [CP] Copy Pods Resources */,
			);
			buildRules = (
			);
			dependencies = (
			);
			name = GoodView;
			productName = GoodView;
			productReference = 04A2176B21A43EA900DC2D2B /* GoodView.app */;
			productType = "com.apple.product-type.application";
		};
/* End PBXNativeTarget section */

/* Begin PBXProject section */
		04A2176321A43EA800DC2D2B /* Project object */ = {
			isa = PBXProject;
			attributes = {
				LastUpgradeCheck = 1000;
				ORGANIZATIONNAME = mac;
				TargetAttributes = {
					04A2176A21A43EA900DC2D2B = {
						CreatedOnToolsVersion = 10.0;
					};
				};
			};
			buildConfigurationList = 04A2176621A43EA800DC2D2B /* Build configuration list for PBXProject "GoodView" */;
			compatibilityVersion = "Xcode 9.3";
			developmentRegion = en;
			hasScannedForEncodings = 0;
			knownRegions = (
				en,
				Base,
			);
			mainGroup = 04A2176221A43EA800DC2D2B;
			productRefGroup = 04A2176C21A43EA900DC2D2B /* Products */;
			projectDirPath = "";
			projectRoot = "";
			targets = (
				04A2176A21A43EA900DC2D2B /* GoodView */,
			);
		};
/* End PBXProject section */

/* Begin PBXResourcesBuildPhase section */
		04A2176921A43EA900DC2D2B /* Resources */ = {
			isa = PBXResourcesBuildPhase;
			buildActionMask = 2147483647;
			files = (
				0427A57021A97AD600E1B175 /* lixianbaoguanli@2x.png in Resources */,
				62ED874021A7E26E00245CA0 /* frame_icon@3x.png in Resources */,
				0427A55121A8F4D000E1B175 /* ic_login_wechat@2x.png in Resources */,
				0427A56E21A97AD600E1B175 /* kuoyinqidingdan@2x.png in Resources */,
				62ED86F621A7DFDC00245CA0 /* ic_request_loc.png in Resources */,
				62ED870D21A7DFDC00245CA0 /* ic_overlay_voice_indicator_one.png in Resources */,
				62ED86C521A7DB8400245CA0 /* ic_search_bar_search.png in Resources */,
				62ED864321A790E200245CA0 /* logo20@2x.png in Resources */,
				62ED86CE21A7DD8900245CA0 /* home_black@2x.png in Resources */,
				62ED873421A7E26E00245CA0 /* frame_icon@2x.png in Resources */,
				62ED86C421A7DB8400245CA0 /* bg_near_scenic_level_grey.9.png in Resources */,
				0427A53F21A83BF400E1B175 /* 个人信息.jpg in Resources */,
				0427A53E21A83BF400E1B175 /* 订单管理.jpg in Resources */,
				04A2177B21A43EAA00DC2D2B /* LaunchScreen.storyboard in Resources */,
				62ED870221A7DFDC00245CA0 /* ssdk_oks_classic_qq.png in Resources */,
				62ED870321A7DFDC00245CA0 /* ssdk_oks_classic_wechatmoments.png in Resources */,
				62ED86F721A7DFDC00245CA0 /* ic_route_list.png in Resources */,
				62ED86FC21A7DFDC00245CA0 /* ic_small_close.png in Resources */,
				62ED870F21A7DFDC00245CA0 /* near_by.png in Resources */,
				0427A56D21A97AD600E1B175 /* kefu@2x.png in Resources */,
				0427A56F21A97AD600E1B175 /* wodedingdan@2x.png in Resources */,
				62ED871621A7DFDC00245CA0 /* qr_code64.png in Resources */,
				0427A54121A83BF400E1B175 /* 详情1.jpg in Resources */,
				04A2177821A43EAA00DC2D2B /* Assets.xcassets in Resources */,
				62ED866321A790E200245CA0 /* 登录.jpg in Resources */,
				62ED866C21A790E200245CA0 /* logo30@3x.png in Resources */,
				0427A56321A955C000E1B175 /* me_green@2x.png in Resources */,
				0427A53D21A83BF400E1B175 /* 账号绑定.jpg in Resources */,
				62ED871021A7DFDC00245CA0 /* ssdk_oks_classic_wechat.png in Resources */,
				0427A55021A8F4D000E1B175 /* ic_login_qq@2x.png in Resources */,
				62ED867721A790E200245CA0 /* logo20@3x.png in Resources */,
				62ED873921A7E26E00245CA0 /* ic_main_customer_service.png in Resources */,
				0427A57221A9875900E1B175 /* shouji@2x.png in Resources */,
				62267AE421A7FB9100110EAB /* uu@2x.png in Resources */,
				0427A54221A83BF400E1B175 /* 离线包管理.jpg in Resources */,
				0427A54821A83BF400E1B175 /* 详情4.jpg in Resources */,
				62ED86F521A7DFDC00245CA0 /* ssdk_oks_classic_qzone.png in Resources */,
				62ED871421A7DFDC00245CA0 /* ic_map_overlay_pause.png in Resources */,
				62ED86FE21A7DFDC00245CA0 /* ic_map_overlay_earphone.png in Resources */,
				62ED870621A7DFDC00245CA0 /* bg_spot_overlay.9.png in Resources */,
				62ED871121A7DFDC00245CA0 /* ic_map_marker_has_voice_gray.png in Resources */,
				62ED873321A7E26E00245CA0 /* ic_arrow_brown.png in Resources */,
				62ED870521A7DFDC00245CA0 /* navi_map_gps_locked.png in Resources */,
				04A2177621A43EA900DC2D2B /* Main.storyboard in Resources */,
				62ED870E21A7DFDC00245CA0 /* ic_subscenic_search.png in Resources */,
				62ED870C21A7DFDC00245CA0 /* ic_map_marker_has_voice.png in Resources */,
				62ED868121A79C2D00245CA0 /* 选择城市.jpg in Resources */,
				62ED863421A790E200245CA0 /* logo60@2x.png in Resources */,
				62ED870A21A7DFDC00245CA0 /* ic_subscenic_marker_line.png in Resources */,
				62ED873A21A7E26E00245CA0 /* cross.tiff in Resources */,
				62ED870B21A7DFDC00245CA0 /* bg_capsule_hollow.9.png in Resources */,
				62ED863821A790E200245CA0 /* logo29@3x.png in Resources */,
				62ED86FF21A7DFDC00245CA0 /* ic_titlbar_share.png in Resources */,
				62ED871321A7DFDC00245CA0 /* ic_overlay_voice_indicator_four.png in Resources */,
				62ED873D21A7E26E00245CA0 /* line.png in Resources */,
				0427A57521A987FC00E1B175 /* QQ@2x.png in Resources */,
				0427A54321A83BF400E1B175 /* 我的.jpg in Resources */,
				62ED86F821A7DFDC00245CA0 /* ic_scenic_offlinepack.png in Resources */,
				0427A57621A987FC00E1B175 /* weixin@2x.png in Resources */,
				62ED86D021A7DDB600245CA0 /* ic_search_bar_arrow_down@2x.png in Resources */,
				62ED873621A7E26E00245CA0 /* ic_arrow_gray.png in Resources */,
				62ED86FA21A7DFDC00245CA0 /* ic_scenic_discrible.png in Resources */,
				62ED870721A7DFDC00245CA0 /* ic_subscenic_detail.png in Resources */,
				62ED871521A7DFDC00245CA0 /* ic_map_marker_has_voice_dark.png in Resources */,
				62ED870821A7DFDC00245CA0 /* ic_map_overlay_loading.png in Resources */,
				62ED86C121A7DB8400245CA0 /* arrow_right_red.png in Resources */,
				04A217C321A4402600DC2D2B /* UMID.plist in Resources */,
				62ED861421A790E200245CA0 /* logo40@3x.png in Resources */,
				0427A54621A83BF400E1B175 /* 关于景好.jpg in Resources */,
				0427A57821A9887100E1B175 /* touxiang@2x.png in Resources */,
				62ED873721A7E26E00245CA0 /* ic_arrow_yellow.png in Resources */,
				62ED863C21A790E200245CA0 /* logo40@2x.png in Resources */,
				62ED863921A790E200245CA0 /* logo60@3x.png in Resources */,
				62ED871221A7DFDC00245CA0 /* ic_subscenic_list.png in Resources */,
				62ED870921A7DFDC00245CA0 /* ic_overlay_voice_indicator_three.png in Resources */,
				0427A54721A83BF400E1B175 /* 详情3.jpg in Resources */,
				62ED874A21A7E44B00245CA0 /* scaning@2x.png in Resources */,
				62ED86B221A7C4F100245CA0 /* 首页.jpg in Resources */,
				62ED870121A7DFDC00245CA0 /* ic_price_tag.png in Resources */,
				62ED86B421A7D75900245CA0 /* 首页2.jpg in Resources */,
				62ED86BF21A7DB8400245CA0 /* jing_hao120.png in Resources */,
				0427A54421A83BF400E1B175 /* 详情5.jpg in Resources */,
				62ED866B21A790E200245CA0 /* logo29@2x.png in Resources */,
				62267AE221A7FA8000110EAB /* ic_near_scenic_earphone@2x.png in Resources */,
				62ED873521A7E26E00245CA0 /* ic_main_me_myorder.png in Resources */,
				0427A53C21A83BF400E1B175 /* 详情2.jpg in Resources */,
				0427A56421A955C000E1B175 /* me_black@2x.png in Resources */,
				62ED870421A7DFDC00245CA0 /* ic_overlay_voice_indicator_two.png in Resources */,
				62ED86CD21A7DD8900245CA0 /* home_green@2x.png in Resources */,
				62267ADD21A7EE1500110EAB /* search.tiff in Resources */,
				0427A54021A83BF400E1B175 /* 详情.jpg in Resources */,
				0427A52721A81AC900E1B175 /* headline@2x.jpg in Resources */,
				62ED86F421A7DFDC00245CA0 /* ic_titlebar_triangle.png in Resources */,
				04A217C421A4402600DC2D2B /* BuglyID.plist in Resources */,
				0427A54521A83BF400E1B175 /* 更换头像.jpg in Resources */,
				62ED873821A7E26E00245CA0 /* setting.png in Resources */,
				0427A56C21A97AD600E1B175 /* guanyu@2x.png in Resources */,
				62ED86FB21A7DFDC00245CA0 /* ic_titlebar_back.png in Resources */,
				62ED873E21A7E26E00245CA0 /* ic_main_me_offline_manage.png in Resources */,
				0427A56621A95BA800E1B175 /* scenic_me_avatar_no_login@2x.png in Resources */,
				62ED86F921A7DFDC00245CA0 /* icon_phone_2.png in Resources */,
			);
			runOnlyForDeploymentPostprocessing = 0;
		};
/* End PBXResourcesBuildPhase section */

/* Begin PBXShellScriptBuildPhase section */
		C3D5FC3DA1864CF7DB0504E7 /* [CP] Check Pods Manifest.lock */ = {
			isa = PBXShellScriptBuildPhase;
			buildActionMask = 2147483647;
			files = (
			);
			inputPaths = (
				"${PODS_PODFILE_DIR_PATH}/Podfile.lock",
				"${PODS_ROOT}/Manifest.lock",
			);
			name = "[CP] Check Pods Manifest.lock";
			outputPaths = (
				"$(DERIVED_FILE_DIR)/Pods-GoodView-checkManifestLockResult.txt",
			);
			runOnlyForDeploymentPostprocessing = 0;
			shellPath = /bin/sh;
			shellScript = "diff \"${PODS_PODFILE_DIR_PATH}/Podfile.lock\" \"${PODS_ROOT}/Manifest.lock\" > /dev/null\nif [ $? != 0 ] ; then\n    # print error to STDERR\n    echo \"error: The sandbox is not in sync with the Podfile.lock. Run 'pod install' or update your CocoaPods installation.\" >&2\n    exit 1\nfi\n# This output is used by Xcode 'outputs' to avoid re-running this script phase.\necho \"SUCCESS\" > \"${SCRIPT_OUTPUT_FILE_0}\"\n";
			showEnvVarsInLog = 0;
		};
		EAB41DFFC1723A71D8BBEA4D /* [CP] Copy Pods Resources */ = {
			isa = PBXShellScriptBuildPhase;
			buildActionMask = 2147483647;
			files = (
			);
			inputFileListPaths = (
			);
			inputPaths = (
				"${SRCROOT}/Pods/Target Support Files/Pods-GoodView/Pods-GoodView-resources.sh",
				"${PODS_ROOT}/MBProgressHUD+JDragon/MBProgressHUD+JDragon/MBProgressHUD+JDragon.bundle",
			);
			name = "[CP] Copy Pods Resources";
			outputFileListPaths = (
			);
			outputPaths = (
				"${TARGET_BUILD_DIR}/${UNLOCALIZED_RESOURCES_FOLDER_PATH}/MBProgressHUD+JDragon.bundle",
			);
			runOnlyForDeploymentPostprocessing = 0;
			shellPath = /bin/sh;
			shellScript = "\"${SRCROOT}/Pods/Target Support Files/Pods-GoodView/Pods-GoodView-resources.sh\"\n";
			showEnvVarsInLog = 0;
		};
/* End PBXShellScriptBuildPhase section */

/* Begin PBXSourcesBuildPhase section */
		04A2176721A43EA900DC2D2B /* Sources */ = {
			isa = PBXSourcesBuildPhase;
			buildActionMask = 2147483647;
			files = (
				0427A55821A938C200E1B175 /* JKCountDownButton.m in Sources */,
				04A2178C21A43F6B00DC2D2B /* TabbarViewController.m in Sources */,
				0427A57B21AA49C500E1B175 /* MyOrderCell.m in Sources */,
				04A2179C21A4401E00DC2D2B /* JHLiveAdaptUI.m in Sources */,
				62ED872421A7E1CD00245CA0 /* QRCodeVC.m in Sources */,
				62267AD721A7ED6800110EAB /* SHSearchBar.m in Sources */,
				0427A51D21A5A3D000E1B175 /* SHBaseTableViewController.m in Sources */,
				62ED874621A7E2FC00245CA0 /* UIViewExt.m in Sources */,
				0427A54D21A8F1DA00E1B175 /* AccountManager.m in Sources */,
				62ED859321A69A6400245CA0 /* AvatarCell.m in Sources */,
				04A2179B21A4401E00DC2D2B /* SHBaseViewController.m in Sources */,
				62267AE021A7F45400110EAB /* ScenicSpotCell.m in Sources */,
				04A2179E21A4401E00DC2D2B /* JHLiveBaseNavigationBar.m in Sources */,
				04A217D121A4406B00DC2D2B /* MyViewController.m in Sources */,
				04A217D421A4408800DC2D2B /* HomeViewController.m in Sources */,
				0427A58121AA779100E1B175 /* LoudspeakerOrderVC.m in Sources */,
				0427A57E21AA5E9200E1B175 /* MyOrderVC.m in Sources */,
				62ED859B21A6D88C00245CA0 /* AccountBindingVC.m in Sources */,
				62ED867F21A79A9C00245CA0 /* SelectCityViewController.m in Sources */,
				62ED86A121A7A4CF00245CA0 /* NSString+NormalMethod.m in Sources */,
				04A2177E21A43EAA00DC2D2B /* main.m in Sources */,
				0427A52E21A8233D00E1B175 /* CityCell.m in Sources */,
				62ED86AD21A7C3D800245CA0 /* UIColor+SHTool.m in Sources */,
				62ED86AA21A7C33200245CA0 /* UIImage+SHTool.m in Sources */,
				04D256A921A5697200624688 /* MyEntryModel.m in Sources */,
				62ED86B021A7C3E900245CA0 /* NSString+SHTool.m in Sources */,
				62ED859821A6C76A00245CA0 /* AboutViewController.m in Sources */,
				62ED872321A7E1CD00245CA0 /* QRCodeBacgrouView.m in Sources */,
				04D256B021A56D6C00624688 /* MyEntryCell.m in Sources */,
				043B5C6521A5128400478CD8 /* SHImageAndTitleBtn.m in Sources */,
				0427A55F21A9444500E1B175 /* JHUserModel.m in Sources */,
				0427A52021A6EAED00E1B175 /* LoginViewController.m in Sources */,
				04A2177021A43EA900DC2D2B /* AppDelegate.m in Sources */,
				62ED872221A7E1CD00245CA0 /* QRCodeAreaView.m in Sources */,
				0427A58421AA77C200E1B175 /* OfflinePackageVC.m in Sources */,
				0427A51C21A59DEC00E1B175 /* PersonalInformationVC.m in Sources */,
				62ED857F21A537F900245CA0 /* SHLabelAndLabelView.m in Sources */,
			);
			runOnlyForDeploymentPostprocessing = 0;
		};
/* End PBXSourcesBuildPhase section */

/* Begin PBXVariantGroup section */
		04A2177421A43EA900DC2D2B /* Main.storyboard */ = {
			isa = PBXVariantGroup;
			children = (
				04A2177521A43EA900DC2D2B /* Base */,
			);
			name = Main.storyboard;
			sourceTree = "<group>";
		};
		04A2177921A43EAA00DC2D2B /* LaunchScreen.storyboard */ = {
			isa = PBXVariantGroup;
			children = (
				04A2177A21A43EAA00DC2D2B /* Base */,
			);
			name = LaunchScreen.storyboard;
			sourceTree = "<group>";
		};
/* End PBXVariantGroup section */

/* Begin XCBuildConfiguration section */
		04A2177F21A43EAA00DC2D2B /* Debug */ = {
			isa = XCBuildConfiguration;
			buildSettings = {
				ALWAYS_SEARCH_USER_PATHS = NO;
				CLANG_ANALYZER_NONNULL = YES;
				CLANG_ANALYZER_NUMBER_OBJECT_CONVERSION = YES_AGGRESSIVE;
				CLANG_CXX_LANGUAGE_STANDARD = "gnu++14";
				CLANG_CXX_LIBRARY = "libc++";
				CLANG_ENABLE_MODULES = YES;
				CLANG_ENABLE_OBJC_ARC = YES;
				CLANG_ENABLE_OBJC_WEAK = YES;
				CLANG_WARN_BLOCK_CAPTURE_AUTORELEASING = YES;
				CLANG_WARN_BOOL_CONVERSION = YES;
				CLANG_WARN_COMMA = YES;
				CLANG_WARN_CONSTANT_CONVERSION = YES;
				CLANG_WARN_DEPRECATED_OBJC_IMPLEMENTATIONS = YES;
				CLANG_WARN_DIRECT_OBJC_ISA_USAGE = YES_ERROR;
				CLANG_WARN_DOCUMENTATION_COMMENTS = YES;
				CLANG_WARN_EMPTY_BODY = YES;
				CLANG_WARN_ENUM_CONVERSION = YES;
				CLANG_WARN_INFINITE_RECURSION = YES;
				CLANG_WARN_INT_CONVERSION = YES;
				CLANG_WARN_NON_LITERAL_NULL_CONVERSION = YES;
				CLANG_WARN_OBJC_IMPLICIT_RETAIN_SELF = YES;
				CLANG_WARN_OBJC_LITERAL_CONVERSION = YES;
				CLANG_WARN_OBJC_ROOT_CLASS = YES_ERROR;
				CLANG_WARN_RANGE_LOOP_ANALYSIS = YES;
				CLANG_WARN_STRICT_PROTOTYPES = YES;
				CLANG_WARN_SUSPICIOUS_MOVE = YES;
				CLANG_WARN_UNGUARDED_AVAILABILITY = YES_AGGRESSIVE;
				CLANG_WARN_UNREACHABLE_CODE = YES;
				CLANG_WARN__DUPLICATE_METHOD_MATCH = YES;
				CODE_SIGN_IDENTITY = "iPhone Developer";
				COPY_PHASE_STRIP = NO;
				DEBUG_INFORMATION_FORMAT = dwarf;
				ENABLE_STRICT_OBJC_MSGSEND = YES;
				ENABLE_TESTABILITY = YES;
				GCC_C_LANGUAGE_STANDARD = gnu11;
				GCC_DYNAMIC_NO_PIC = NO;
				GCC_NO_COMMON_BLOCKS = YES;
				GCC_OPTIMIZATION_LEVEL = 0;
				GCC_PREPROCESSOR_DEFINITIONS = (
					"DEBUG=1",
					"$(inherited)",
				);
				GCC_WARN_64_TO_32_BIT_CONVERSION = YES;
				GCC_WARN_ABOUT_RETURN_TYPE = YES_ERROR;
				GCC_WARN_UNDECLARED_SELECTOR = YES;
				GCC_WARN_UNINITIALIZED_AUTOS = YES_AGGRESSIVE;
				GCC_WARN_UNUSED_FUNCTION = YES;
				GCC_WARN_UNUSED_VARIABLE = YES;
				IPHONEOS_DEPLOYMENT_TARGET = 12.0;
				MTL_ENABLE_DEBUG_INFO = INCLUDE_SOURCE;
				MTL_FAST_MATH = YES;
				ONLY_ACTIVE_ARCH = YES;
				SDKROOT = iphoneos;
			};
			name = Debug;
		};
		04A2178021A43EAA00DC2D2B /* Release */ = {
			isa = XCBuildConfiguration;
			buildSettings = {
				ALWAYS_SEARCH_USER_PATHS = NO;
				CLANG_ANALYZER_NONNULL = YES;
				CLANG_ANALYZER_NUMBER_OBJECT_CONVERSION = YES_AGGRESSIVE;
				CLANG_CXX_LANGUAGE_STANDARD = "gnu++14";
				CLANG_CXX_LIBRARY = "libc++";
				CLANG_ENABLE_MODULES = YES;
				CLANG_ENABLE_OBJC_ARC = YES;
				CLANG_ENABLE_OBJC_WEAK = YES;
				CLANG_WARN_BLOCK_CAPTURE_AUTORELEASING = YES;
				CLANG_WARN_BOOL_CONVERSION = YES;
				CLANG_WARN_COMMA = YES;
				CLANG_WARN_CONSTANT_CONVERSION = YES;
				CLANG_WARN_DEPRECATED_OBJC_IMPLEMENTATIONS = YES;
				CLANG_WARN_DIRECT_OBJC_ISA_USAGE = YES_ERROR;
				CLANG_WARN_DOCUMENTATION_COMMENTS = YES;
				CLANG_WARN_EMPTY_BODY = YES;
				CLANG_WARN_ENUM_CONVERSION = YES;
				CLANG_WARN_INFINITE_RECURSION = YES;
				CLANG_WARN_INT_CONVERSION = YES;
				CLANG_WARN_NON_LITERAL_NULL_CONVERSION = YES;
				CLANG_WARN_OBJC_IMPLICIT_RETAIN_SELF = YES;
				CLANG_WARN_OBJC_LITERAL_CONVERSION = YES;
				CLANG_WARN_OBJC_ROOT_CLASS = YES_ERROR;
				CLANG_WARN_RANGE_LOOP_ANALYSIS = YES;
				CLANG_WARN_STRICT_PROTOTYPES = YES;
				CLANG_WARN_SUSPICIOUS_MOVE = YES;
				CLANG_WARN_UNGUARDED_AVAILABILITY = YES_AGGRESSIVE;
				CLANG_WARN_UNREACHABLE_CODE = YES;
				CLANG_WARN__DUPLICATE_METHOD_MATCH = YES;
				CODE_SIGN_IDENTITY = "iPhone Developer";
				COPY_PHASE_STRIP = NO;
				DEBUG_INFORMATION_FORMAT = "dwarf-with-dsym";
				ENABLE_NS_ASSERTIONS = NO;
				ENABLE_STRICT_OBJC_MSGSEND = YES;
				GCC_C_LANGUAGE_STANDARD = gnu11;
				GCC_NO_COMMON_BLOCKS = YES;
				GCC_WARN_64_TO_32_BIT_CONVERSION = YES;
				GCC_WARN_ABOUT_RETURN_TYPE = YES_ERROR;
				GCC_WARN_UNDECLARED_SELECTOR = YES;
				GCC_WARN_UNINITIALIZED_AUTOS = YES_AGGRESSIVE;
				GCC_WARN_UNUSED_FUNCTION = YES;
				GCC_WARN_UNUSED_VARIABLE = YES;
				IPHONEOS_DEPLOYMENT_TARGET = 12.0;
				MTL_ENABLE_DEBUG_INFO = NO;
				MTL_FAST_MATH = YES;
				SDKROOT = iphoneos;
				VALIDATE_PRODUCT = YES;
			};
			name = Release;
		};
		04A2178221A43EAA00DC2D2B /* Debug */ = {
			isa = XCBuildConfiguration;
			baseConfigurationReference = DFCD9A15BA0CEC0818EC111E /* Pods-GoodView.debug.xcconfig */;
			buildSettings = {
				ASSETCATALOG_COMPILER_APPICON_NAME = AppIcon;
				CODE_SIGN_STYLE = Automatic;
				DEVELOPMENT_TEAM = TDT34TC7ER;
				FRAMEWORK_SEARCH_PATHS = (
					"$(inherited)",
					"$(PROJECT_DIR)/GoodView/Lib/UM",
					"$(PROJECT_DIR)/GoodView/Lib/Bugly",
				);
				GCC_PREFIX_HEADER = "$(SRCROOT)/GoodView/GoodView.pch";
				INFOPLIST_FILE = GoodView/Info.plist;
				IPHONEOS_DEPLOYMENT_TARGET = 9.0;
				LD_RUNPATH_SEARCH_PATHS = (
					"$(inherited)",
					"@executable_path/Frameworks",
				);
				LIBRARY_SEARCH_PATHS = (
					"$(inherited)",
					"$(PROJECT_DIR)/GoodView/Lib/Business/JHBigPictureBrowsing",
					"$(PROJECT_DIR)/GoodView/Lib/Business/JHPictureSelectionComponent",
					"$(PROJECT_DIR)/GoodView/Lib/Business/JHDataStatisticsComponent",
					"$(PROJECT_DIR)/GoodView/Lib/Business/JHAccountSystemComponent",
					"$(PROJECT_DIR)/GoodView/Lib/Technology/JHMiddlewareComponent",
					"$(PROJECT_DIR)/GoodView/Lib/Technology/JHRoutingComponent",
					"$(PROJECT_DIR)/GoodView/Lib/Technology/JHEncryptionComponent",
				);
				PRODUCT_BUNDLE_IDENTIFIER = com.jinher.testceshi;
				PRODUCT_NAME = "$(TARGET_NAME)";
				TARGETED_DEVICE_FAMILY = "1,2";
			};
			name = Debug;
		};
		04A2178321A43EAA00DC2D2B /* Release */ = {
			isa = XCBuildConfiguration;
			baseConfigurationReference = 6B3FEC0BB376CD516FCEED52 /* Pods-GoodView.release.xcconfig */;
			buildSettings = {
				ASSETCATALOG_COMPILER_APPICON_NAME = AppIcon;
				CODE_SIGN_STYLE = Automatic;
				DEVELOPMENT_TEAM = TDT34TC7ER;
				FRAMEWORK_SEARCH_PATHS = (
					"$(inherited)",
					"$(PROJECT_DIR)/GoodView/Lib/UM",
					"$(PROJECT_DIR)/GoodView/Lib/Bugly",
				);
				GCC_PREFIX_HEADER = "$(SRCROOT)/GoodView/GoodView.pch";
				INFOPLIST_FILE = GoodView/Info.plist;
				IPHONEOS_DEPLOYMENT_TARGET = 9.0;
				LD_RUNPATH_SEARCH_PATHS = (
					"$(inherited)",
					"@executable_path/Frameworks",
				);
				LIBRARY_SEARCH_PATHS = (
					"$(inherited)",
					"$(PROJECT_DIR)/GoodView/Lib/Business/JHBigPictureBrowsing",
					"$(PROJECT_DIR)/GoodView/Lib/Business/JHPictureSelectionComponent",
					"$(PROJECT_DIR)/GoodView/Lib/Business/JHDataStatisticsComponent",
					"$(PROJECT_DIR)/GoodView/Lib/Business/JHAccountSystemComponent",
					"$(PROJECT_DIR)/GoodView/Lib/Technology/JHMiddlewareComponent",
					"$(PROJECT_DIR)/GoodView/Lib/Technology/JHRoutingComponent",
					"$(PROJECT_DIR)/GoodView/Lib/Technology/JHEncryptionComponent",
				);
				PRODUCT_BUNDLE_IDENTIFIER = com.jinher.testceshi;
				PRODUCT_NAME = "$(TARGET_NAME)";
				TARGETED_DEVICE_FAMILY = "1,2";
			};
			name = Release;
		};
/* End XCBuildConfiguration section */

/* Begin XCConfigurationList section */
		04A2176621A43EA800DC2D2B /* Build configuration list for PBXProject "GoodView" */ = {
			isa = XCConfigurationList;
			buildConfigurations = (
				04A2177F21A43EAA00DC2D2B /* Debug */,
				04A2178021A43EAA00DC2D2B /* Release */,
			);
			defaultConfigurationIsVisible = 0;
			defaultConfigurationName = Release;
		};
		04A2178121A43EAA00DC2D2B /* Build configuration list for PBXNativeTarget "GoodView" */ = {
			isa = XCConfigurationList;
			buildConfigurations = (
				04A2178221A43EAA00DC2D2B /* Debug */,
				04A2178321A43EAA00DC2D2B /* Release */,
			);
			defaultConfigurationIsVisible = 0;
			defaultConfigurationName = Release;
		};
/* End XCConfigurationList section */
	};
	rootObject = 04A2176321A43EA800DC2D2B /* Project object */;
}
